// !$*UTF8*$!
{
	archiveVersion = 1;
	classes = {
	};
	objectVersion = 46;
	objects = {

/* Begin PBXBuildFile section */
		3CBCB1B31653CBF00086E863 /* UIKit.framework in Frameworks */ = {isa = PBXBuildFile; fileRef = 3CBCB1B21653CBF00086E863 /* UIKit.framework */; };
		3CBCB1B51653CBF00086E863 /* Foundation.framework in Frameworks */ = {isa = PBXBuildFile; fileRef = 3CBCB1B41653CBF00086E863 /* Foundation.framework */; };
		3CBCB1B71653CBF00086E863 /* CoreGraphics.framework in Frameworks */ = {isa = PBXBuildFile; fileRef = 3CBCB1B61653CBF00086E863 /* CoreGraphics.framework */; };
		3CBCB1BD1653CBF00086E863 /* InfoPlist.strings in Resources */ = {isa = PBXBuildFile; fileRef = 3CBCB1BB1653CBF00086E863 /* InfoPlist.strings */; };
		3CBCB1BF1653CBF00086E863 /* main.m in Sources */ = {isa = PBXBuildFile; fileRef = 3CBCB1BE1653CBF00086E863 /* main.m */; };
		3CBCB1C31653CBF00086E863 /* MMAppDelegate.m in Sources */ = {isa = PBXBuildFile; fileRef = 3CBCB1C21653CBF00086E863 /* MMAppDelegate.m */; };
		3CBCB1C51653CBF00086E863 /* Default.png in Resources */ = {isa = PBXBuildFile; fileRef = 3CBCB1C41653CBF00086E863 /* Default.png */; };
		3CBCB1C71653CBF00086E863 /* Default@2x.png in Resources */ = {isa = PBXBuildFile; fileRef = 3CBCB1C61653CBF00086E863 /* Default@2x.png */; };
		3CBCB1C91653CBF00086E863 /* Default-568h@2x.png in Resources */ = {isa = PBXBuildFile; fileRef = 3CBCB1C81653CBF00086E863 /* Default-568h@2x.png */; };
		3CBCB2AE1653CC510086E863 /* CFNetwork.framework in Frameworks */ = {isa = PBXBuildFile; fileRef = 3CBCB2AD1653CC510086E863 /* CFNetwork.framework */; };
		3CBCB2B01653CC580086E863 /* SystemConfiguration.framework in Frameworks */ = {isa = PBXBuildFile; fileRef = 3CBCB2AF1653CC580086E863 /* SystemConfiguration.framework */; };
		3CBCB2B21653CC5E0086E863 /* MobileCoreServices.framework in Frameworks */ = {isa = PBXBuildFile; fileRef = 3CBCB2B11653CC5E0086E863 /* MobileCoreServices.framework */; };
		3CBCB2B41653CC670086E863 /* libz.dylib in Frameworks */ = {isa = PBXBuildFile; fileRef = 3CBCB2B31653CC670086E863 /* libz.dylib */; };
		3CBCB2B61653CC6C0086E863 /* QuartzCore.framework in Frameworks */ = {isa = PBXBuildFile; fileRef = 3CBCB2B51653CC6C0086E863 /* QuartzCore.framework */; };
		3CBCB2CD1653D4F50086E863 /* MMFindViewController.m in Sources */ = {isa = PBXBuildFile; fileRef = 3CBCB2CB1653D4F50086E863 /* MMFindViewController.m */; };
		3CBCB2CE1653D4F50086E863 /* MMFindViewController.xib in Resources */ = {isa = PBXBuildFile; fileRef = 3CBCB2CC1653D4F50086E863 /* MMFindViewController.xib */; };
		3CBCB2D31653D5560086E863 /* MMWolfViewController.m in Sources */ = {isa = PBXBuildFile; fileRef = 3CBCB2D11653D5560086E863 /* MMWolfViewController.m */; };
		3CBCB2D41653D5560086E863 /* MMWolfViewController.xib in Resources */ = {isa = PBXBuildFile; fileRef = 3CBCB2D21653D5560086E863 /* MMWolfViewController.xib */; };
		3CBCB2D61653D6270086E863 /* MapKit.framework in Frameworks */ = {isa = PBXBuildFile; fileRef = 3CBCB2D51653D6270086E863 /* MapKit.framework */; };
		3CBCB2EB1653E5FE0086E863 /* tab_find_c@2x.png in Resources */ = {isa = PBXBuildFile; fileRef = 3CBCB2E71653E5FE0086E863 /* tab_find_c@2x.png */; };
		3CBCB2EC1653E5FE0086E863 /* tab_find_n@2x.png in Resources */ = {isa = PBXBuildFile; fileRef = 3CBCB2E81653E5FE0086E863 /* tab_find_n@2x.png */; };
		3CBCB2ED1653E5FE0086E863 /* tab_wolf_c@2x.png in Resources */ = {isa = PBXBuildFile; fileRef = 3CBCB2E91653E5FE0086E863 /* tab_wolf_c@2x.png */; };
		3CBCB2EE1653E5FE0086E863 /* tab_wolf_n@2x.png in Resources */ = {isa = PBXBuildFile; fileRef = 3CBCB2EA1653E5FE0086E863 /* tab_wolf_n@2x.png */; };
		A3E86525166467BE007AD827 /* NKNumberPad.m in Sources */ = {isa = PBXBuildFile; fileRef = A3E86524166467BE007AD827 /* NKNumberPad.m */; };
		A3E865351664B216007AD827 /* RegionAnnotation.m in Sources */ = {isa = PBXBuildFile; fileRef = A3E865301664B216007AD827 /* RegionAnnotation.m */; };
		A3E865361664B216007AD827 /* RegionAnnotationView.m in Sources */ = {isa = PBXBuildFile; fileRef = A3E865321664B216007AD827 /* RegionAnnotationView.m */; };
		A3E865371664B216007AD827 /* RemoveRegion.png in Resources */ = {isa = PBXBuildFile; fileRef = A3E865331664B216007AD827 /* RemoveRegion.png */; };
		A3E865381664B216007AD827 /* RemoveRegion@2x.png in Resources */ = {isa = PBXBuildFile; fileRef = A3E865341664B216007AD827 /* RemoveRegion@2x.png */; };
		A3E8653A1664B4DB007AD827 /* CoreLocation.framework in Frameworks */ = {isa = PBXBuildFile; fileRef = A3E865391664B4DB007AD827 /* CoreLocation.framework */; };
		A3F0C4AD16634F5700CBFE54 /* NKAccountManager.m in Sources */ = {isa = PBXBuildFile; fileRef = A3F0C3F116634F5700CBFE54 /* NKAccountManager.m */; };
		A3F0C4AE16634F5700CBFE54 /* NKDataStore.m in Sources */ = {isa = PBXBuildFile; fileRef = A3F0C3F316634F5700CBFE54 /* NKDataStore.m */; };
		A3F0C4AF16634F5700CBFE54 /* NKMAccount.m in Sources */ = {isa = PBXBuildFile; fileRef = A3F0C3F616634F5700CBFE54 /* NKMAccount.m */; };
		A3F0C4B016634F5700CBFE54 /* NKMActionResult.m in Sources */ = {isa = PBXBuildFile; fileRef = A3F0C3F816634F5700CBFE54 /* NKMActionResult.m */; };
		A3F0C4B116634F5700CBFE54 /* NKMAttachment.m in Sources */ = {isa = PBXBuildFile; fileRef = A3F0C3FA16634F5700CBFE54 /* NKMAttachment.m */; };
		A3F0C4B216634F5700CBFE54 /* NKMFeed.m in Sources */ = {isa = PBXBuildFile; fileRef = A3F0C3FC16634F5700CBFE54 /* NKMFeed.m */; };
		A3F0C4B316634F5700CBFE54 /* NKModel.m in Sources */ = {isa = PBXBuildFile; fileRef = A3F0C3FE16634F5700CBFE54 /* NKModel.m */; };
		A3F0C4B416634F5700CBFE54 /* NKMRecord.m in Sources */ = {isa = PBXBuildFile; fileRef = A3F0C40116634F5700CBFE54 /* NKMRecord.m */; };
		A3F0C4B516634F5700CBFE54 /* NKMUser.m in Sources */ = {isa = PBXBuildFile; fileRef = A3F0C40316634F5700CBFE54 /* NKMUser.m */; };
		A3F0C4B616634F5700CBFE54 /* NSURL+StringURLEncode.m in Sources */ = {isa = PBXBuildFile; fileRef = A3F0C40516634F5700CBFE54 /* NSURL+StringURLEncode.m */; };
		A3F0C4B716634F5700CBFE54 /* ASIAuthenticationDialog.m in Sources */ = {isa = PBXBuildFile; fileRef = A3F0C40916634F5700CBFE54 /* ASIAuthenticationDialog.m */; };
		A3F0C4B816634F5700CBFE54 /* ASIDataCompressor.m in Sources */ = {isa = PBXBuildFile; fileRef = A3F0C40C16634F5700CBFE54 /* ASIDataCompressor.m */; };
		A3F0C4B916634F5700CBFE54 /* ASIDataDecompressor.m in Sources */ = {isa = PBXBuildFile; fileRef = A3F0C40E16634F5700CBFE54 /* ASIDataDecompressor.m */; };
		A3F0C4BA16634F5700CBFE54 /* ASIDownloadCache.m in Sources */ = {isa = PBXBuildFile; fileRef = A3F0C41016634F5700CBFE54 /* ASIDownloadCache.m */; };
		A3F0C4BB16634F5700CBFE54 /* ASIFormDataRequest.m in Sources */ = {isa = PBXBuildFile; fileRef = A3F0C41216634F5700CBFE54 /* ASIFormDataRequest.m */; };
		A3F0C4BC16634F5700CBFE54 /* ASIHTTPRequest.m in Sources */ = {isa = PBXBuildFile; fileRef = A3F0C41416634F5700CBFE54 /* ASIHTTPRequest.m */; };
		A3F0C4BD16634F5700CBFE54 /* ASIInputStream.m in Sources */ = {isa = PBXBuildFile; fileRef = A3F0C41816634F5700CBFE54 /* ASIInputStream.m */; };
		A3F0C4BE16634F5700CBFE54 /* ASINetworkQueue.m in Sources */ = {isa = PBXBuildFile; fileRef = A3F0C41A16634F5700CBFE54 /* ASINetworkQueue.m */; };
		A3F0C4BF16634F5700CBFE54 /* Reachability.m in Sources */ = {isa = PBXBuildFile; fileRef = A3F0C41E16634F5700CBFE54 /* Reachability.m */; };
		A3F0C4C016634F5700CBFE54 /* JSONKit.m in Sources */ = {isa = PBXBuildFile; fileRef = A3F0C42116634F5700CBFE54 /* JSONKit.m */; };
		A3F0C4C116634F5700CBFE54 /* NKRequest.m in Sources */ = {isa = PBXBuildFile; fileRef = A3F0C42316634F5700CBFE54 /* NKRequest.m */; };
		A3F0C4C216634F5700CBFE54 /* NKRequestDelegate.m in Sources */ = {isa = PBXBuildFile; fileRef = A3F0C42516634F5700CBFE54 /* NKRequestDelegate.m */; };
		A3F0C4C316634F5700CBFE54 /* NKSDK.m in Sources */ = {isa = PBXBuildFile; fileRef = A3F0C42716634F5700CBFE54 /* NKSDK.m */; };
		A3F0C4C416634F5700CBFE54 /* NKAccountService.m in Sources */ = {isa = PBXBuildFile; fileRef = A3F0C42A16634F5700CBFE54 /* NKAccountService.m */; };
		A3F0C4C516634F5700CBFE54 /* NKRecordService.m in Sources */ = {isa = PBXBuildFile; fileRef = A3F0C42C16634F5700CBFE54 /* NKRecordService.m */; };
		A3F0C4C616634F5700CBFE54 /* NKServiceBase.m in Sources */ = {isa = PBXBuildFile; fileRef = A3F0C42E16634F5700CBFE54 /* NKServiceBase.m */; };
		A3F0C4C716634F5700CBFE54 /* NKUserService.m in Sources */ = {isa = PBXBuildFile; fileRef = A3F0C43016634F5700CBFE54 /* NKUserService.m */; };
		A3F0C4C816634F5700CBFE54 /* NKConfig.m in Sources */ = {isa = PBXBuildFile; fileRef = A3F0C43316634F5700CBFE54 /* NKConfig.m */; };
		A3F0C4C916634F5700CBFE54 /* NKNavigator.m in Sources */ = {isa = PBXBuildFile; fileRef = A3F0C43516634F5700CBFE54 /* NKNavigator.m */; };
		A3F0C4CA16634F5700CBFE54 /* NKTableViewController.m in Sources */ = {isa = PBXBuildFile; fileRef = A3F0C43716634F5700CBFE54 /* NKTableViewController.m */; };
		A3F0C4CB16634F5700CBFE54 /* NKUI.m in Sources */ = {isa = PBXBuildFile; fileRef = A3F0C43916634F5700CBFE54 /* NKUI.m */; };
		A3F0C4CC16634F5700CBFE54 /* NKViewController.m in Sources */ = {isa = PBXBuildFile; fileRef = A3F0C43B16634F5700CBFE54 /* NKViewController.m */; };
		A3F0C4CD16634F5700CBFE54 /* EGORefreshTableHeaderView.m in Sources */ = {isa = PBXBuildFile; fileRef = A3F0C43F16634F5700CBFE54 /* EGORefreshTableHeaderView.m */; };
		A3F0C4CE16634F5700CBFE54 /* HPGrowingTextView.m in Sources */ = {isa = PBXBuildFile; fileRef = A3F0C44216634F5700CBFE54 /* HPGrowingTextView.m */; };
		A3F0C4CF16634F5700CBFE54 /* HPTextViewInternal.m in Sources */ = {isa = PBXBuildFile; fileRef = A3F0C44416634F5700CBFE54 /* HPTextViewInternal.m */; };
		A3F0C4D016634F5700CBFE54 /* NKCellDataOBJ.m in Sources */ = {isa = PBXBuildFile; fileRef = A3F0C44716634F5700CBFE54 /* NKCellDataOBJ.m */; };
		A3F0C4D116634F5700CBFE54 /* NKDateUtil.m in Sources */ = {isa = PBXBuildFile; fileRef = A3F0C44916634F5700CBFE54 /* NKDateUtil.m */; };
		A3F0C4D216634F5700CBFE54 /* emojo.plist in Resources */ = {isa = PBXBuildFile; fileRef = A3F0C44B16634F5700CBFE54 /* emojo.plist */; };
		A3F0C4D316634F5700CBFE54 /* emojo_bizui@2x.png in Resources */ = {isa = PBXBuildFile; fileRef = A3F0C44E16634F5700CBFE54 /* emojo_bizui@2x.png */; };
		A3F0C4D416634F5700CBFE54 /* emojo_chi@2x.png in Resources */ = {isa = PBXBuildFile; fileRef = A3F0C44F16634F5700CBFE54 /* emojo_chi@2x.png */; };
		A3F0C4D516634F5700CBFE54 /* emojo_chiya@2x.png in Resources */ = {isa = PBXBuildFile; fileRef = A3F0C45016634F5700CBFE54 /* emojo_chiya@2x.png */; };
		A3F0C4D616634F5700CBFE54 /* emojo_dai@2x.png in Resources */ = {isa = PBXBuildFile; fileRef = A3F0C45116634F5700CBFE54 /* emojo_dai@2x.png */; };
		A3F0C4D716634F5700CBFE54 /* emojo_daxiao@2x.png in Resources */ = {isa = PBXBuildFile; fileRef = A3F0C45216634F5700CBFE54 /* emojo_daxiao@2x.png */; };
		A3F0C4D816634F5700CBFE54 /* emojo_e@2x.png in Resources */ = {isa = PBXBuildFile; fileRef = A3F0C45316634F5700CBFE54 /* emojo_e@2x.png */; };
		A3F0C4D916634F5700CBFE54 /* emojo_guilian@2x.png in Resources */ = {isa = PBXBuildFile; fileRef = A3F0C45416634F5700CBFE54 /* emojo_guilian@2x.png */; };
		A3F0C4DA16634F5700CBFE54 /* emojo_haidao@2x.png in Resources */ = {isa = PBXBuildFile; fileRef = A3F0C45516634F5700CBFE54 /* emojo_haidao@2x.png */; };
		A3F0C4DB16634F5700CBFE54 /* emojo_han@2x.png in Resources */ = {isa = PBXBuildFile; fileRef = A3F0C45616634F5700CBFE54 /* emojo_han@2x.png */; };
		A3F0C4DC16634F5700CBFE54 /* emojo_hen@2x.png in Resources */ = {isa = PBXBuildFile; fileRef = A3F0C45716634F5700CBFE54 /* emojo_hen@2x.png */; };
		A3F0C4DD16634F5700CBFE54 /* emojo_jiong@2x.png in Resources */ = {isa = PBXBuildFile; fileRef = A3F0C45816634F5700CBFE54 /* emojo_jiong@2x.png */; };
		A3F0C4DE16634F5700CBFE54 /* emojo_ku@2x.png in Resources */ = {isa = PBXBuildFile; fileRef = A3F0C45916634F5700CBFE54 /* emojo_ku@2x.png */; };
		A3F0C4DF16634F5700CBFE54 /* emojo_kulou@2x.png in Resources */ = {isa = PBXBuildFile; fileRef = A3F0C45A16634F5700CBFE54 /* emojo_kulou@2x.png */; };
		A3F0C4E016634F5700CBFE54 /* emojo_meng@2x.png in Resources */ = {isa = PBXBuildFile; fileRef = A3F0C45B16634F5700CBFE54 /* emojo_meng@2x.png */; };
		A3F0C4E116634F5700CBFE54 /* emojo_miao@2x.png in Resources */ = {isa = PBXBuildFile; fileRef = A3F0C45C16634F5700CBFE54 /* emojo_miao@2x.png */; };
		A3F0C4E216634F5700CBFE54 /* emojo_nu@2x.png in Resources */ = {isa = PBXBuildFile; fileRef = A3F0C45D16634F5700CBFE54 /* emojo_nu@2x.png */; };
		A3F0C4E316634F5700CBFE54 /* emojo_pidan@2x.png in Resources */ = {isa = PBXBuildFile; fileRef = A3F0C45E16634F5700CBFE54 /* emojo_pidan@2x.png */; };
		A3F0C4E416634F5700CBFE54 /* emojo_shuai@2x.png in Resources */ = {isa = PBXBuildFile; fileRef = A3F0C45F16634F5700CBFE54 /* emojo_shuai@2x.png */; };
		A3F0C4E516634F5700CBFE54 /* emojo_tu@2x.png in Resources */ = {isa = PBXBuildFile; fileRef = A3F0C46016634F5700CBFE54 /* emojo_tu@2x.png */; };
		A3F0C4E616634F5700CBFE54 /* emojo_weixiao@2x.png in Resources */ = {isa = PBXBuildFile; fileRef = A3F0C46116634F5700CBFE54 /* emojo_weixiao@2x.png */; };
		A3F0C4E716634F5700CBFE54 /* emojo_xihuan@2x.png in Resources */ = {isa = PBXBuildFile; fileRef = A3F0C46216634F5700CBFE54 /* emojo_xihuan@2x.png */; };
		A3F0C4E816634F5700CBFE54 /* emojoback@2x.png in Resources */ = {isa = PBXBuildFile; fileRef = A3F0C46316634F5700CBFE54 /* emojoback@2x.png */; };
		A3F0C4E916634F5700CBFE54 /* emojo_normal@2x.png in Resources */ = {isa = PBXBuildFile; fileRef = A3F0C46416634F5700CBFE54 /* emojo_normal@2x.png */; };
		A3F0C4EA16634F5700CBFE54 /* replyhide@2x.png in Resources */ = {isa = PBXBuildFile; fileRef = A3F0C46516634F5700CBFE54 /* replyhide@2x.png */; };
		A3F0C4EB16634F5700CBFE54 /* replyinputbg@2x.png in Resources */ = {isa = PBXBuildFile; fileRef = A3F0C46616634F5700CBFE54 /* replyinputbg@2x.png */; };
		A3F0C4EC16634F5700CBFE54 /* replykeyboard@2x.png in Resources */ = {isa = PBXBuildFile; fileRef = A3F0C46716634F5700CBFE54 /* replykeyboard@2x.png */; };
		A3F0C4ED16634F5700CBFE54 /* replysend_click@2x.png in Resources */ = {isa = PBXBuildFile; fileRef = A3F0C46816634F5700CBFE54 /* replysend_click@2x.png */; };
		A3F0C4EE16634F5700CBFE54 /* replysend_disable@2x.png in Resources */ = {isa = PBXBuildFile; fileRef = A3F0C46916634F5700CBFE54 /* replysend_disable@2x.png */; };
		A3F0C4EF16634F5700CBFE54 /* replysend_normal@2x.png in Resources */ = {isa = PBXBuildFile; fileRef = A3F0C46A16634F5700CBFE54 /* replysend_normal@2x.png */; };
		A3F0C4F016634F5700CBFE54 /* NKEmojoView.m in Sources */ = {isa = PBXBuildFile; fileRef = A3F0C46C16634F5700CBFE54 /* NKEmojoView.m */; };
		A3F0C4F116634F5700CBFE54 /* NKInputView.m in Sources */ = {isa = PBXBuildFile; fileRef = A3F0C46E16634F5700CBFE54 /* NKInputView.m */; };
		A3F0C4F216634F5700CBFE54 /* NKKVOImageView.m in Sources */ = {isa = PBXBuildFile; fileRef = A3F0C47116634F5700CBFE54 /* NKKVOImageView.m */; };
		A3F0C4F316634F5700CBFE54 /* NKKVOLabel.m in Sources */ = {isa = PBXBuildFile; fileRef = A3F0C47316634F5700CBFE54 /* NKKVOLabel.m */; };
		A3F0C4F416634F5700CBFE54 /* NKLoadingMoreView.m in Sources */ = {isa = PBXBuildFile; fileRef = A3F0C47516634F5700CBFE54 /* NKLoadingMoreView.m */; };
		A3F0C4F516634F5700CBFE54 /* NKPictureViewer.m in Sources */ = {isa = PBXBuildFile; fileRef = A3F0C47716634F5700CBFE54 /* NKPictureViewer.m */; };
		A3F0C4F616634F5700CBFE54 /* puarrow@2x.png in Resources */ = {isa = PBXBuildFile; fileRef = A3F0C47A16634F5700CBFE54 /* puarrow@2x.png */; };
		A3F0C4F716634F5700CBFE54 /* puarrow_click@2x.png in Resources */ = {isa = PBXBuildFile; fileRef = A3F0C47B16634F5700CBFE54 /* puarrow_click@2x.png */; };
		A3F0C4F816634F5700CBFE54 /* pubackarrow_click@2x.png in Resources */ = {isa = PBXBuildFile; fileRef = A3F0C47C16634F5700CBFE54 /* pubackarrow_click@2x.png */; };
		A3F0C4F916634F5700CBFE54 /* pubackarrow_normal@2x.png in Resources */ = {isa = PBXBuildFile; fileRef = A3F0C47D16634F5700CBFE54 /* pubackarrow_normal@2x.png */; };
		A3F0C4FA16634F5700CBFE54 /* publackbutton_click@2x.png in Resources */ = {isa = PBXBuildFile; fileRef = A3F0C47E16634F5700CBFE54 /* publackbutton_click@2x.png */; };
		A3F0C4FB16634F5700CBFE54 /* publackbutton_normal@2x.png in Resources */ = {isa = PBXBuildFile; fileRef = A3F0C47F16634F5700CBFE54 /* publackbutton_normal@2x.png */; };
		A3F0C4FC16634F5700CBFE54 /* pucellback_ highlight@2x.png in Resources */ = {isa = PBXBuildFile; fileRef = A3F0C48016634F5700CBFE54 /* pucellback_ highlight@2x.png */; };
		A3F0C4FD16634F5700CBFE54 /* pucellback_normal@2x.png in Resources */ = {isa = PBXBuildFile; fileRef = A3F0C48116634F5700CBFE54 /* pucellback_normal@2x.png */; };
		A3F0C4FE16634F5700CBFE54 /* pucurrentlocation@2x.png in Resources */ = {isa = PBXBuildFile; fileRef = A3F0C48216634F5700CBFE54 /* pucurrentlocation@2x.png */; };
		A3F0C4FF16634F5700CBFE54 /* pucurrentlocation_click@2x.png in Resources */ = {isa = PBXBuildFile; fileRef = A3F0C48316634F5700CBFE54 /* pucurrentlocation_click@2x.png */; };
		A3F0C50016634F5700CBFE54 /* pucurrentpick@2x.png in Resources */ = {isa = PBXBuildFile; fileRef = A3F0C48416634F5700CBFE54 /* pucurrentpick@2x.png */; };
		A3F0C50116634F5700CBFE54 /* pucurrentpick_click@2x.png in Resources */ = {isa = PBXBuildFile; fileRef = A3F0C48516634F5700CBFE54 /* pucurrentpick_click@2x.png */; };
		A3F0C50216634F5700CBFE54 /* pudonebutton_click@2x.png in Resources */ = {isa = PBXBuildFile; fileRef = A3F0C48616634F5700CBFE54 /* pudonebutton_click@2x.png */; };
		A3F0C50316634F5700CBFE54 /* pudonebutton_normal@2x.png in Resources */ = {isa = PBXBuildFile; fileRef = A3F0C48716634F5700CBFE54 /* pudonebutton_normal@2x.png */; };
		A3F0C50416634F5700CBFE54 /* pugreenbutton_click@2x.png in Resources */ = {isa = PBXBuildFile; fileRef = A3F0C48816634F5700CBFE54 /* pugreenbutton_click@2x.png */; };
		A3F0C50516634F5700CBFE54 /* pugreenbutton_normal@2x.png in Resources */ = {isa = PBXBuildFile; fileRef = A3F0C48916634F5700CBFE54 /* pugreenbutton_normal@2x.png */; };
		A3F0C50616634F5700CBFE54 /* puinputback@2x.png in Resources */ = {isa = PBXBuildFile; fileRef = A3F0C48A16634F5700CBFE54 /* puinputback@2x.png */; };
		A3F0C50716634F5700CBFE54 /* puinputbutton_click@2x.png in Resources */ = {isa = PBXBuildFile; fileRef = A3F0C48B16634F5700CBFE54 /* puinputbutton_click@2x.png */; };
		A3F0C50816634F5700CBFE54 /* puinputbutton_normal@2x.png in Resources */ = {isa = PBXBuildFile; fileRef = A3F0C48C16634F5700CBFE54 /* puinputbutton_normal@2x.png */; };
		A3F0C50916634F5700CBFE54 /* pumaskfatboth@2x.png in Resources */ = {isa = PBXBuildFile; fileRef = A3F0C48D16634F5700CBFE54 /* pumaskfatboth@2x.png */; };
		A3F0C50A16634F5700CBFE54 /* pumaskfatheader@2x.png in Resources */ = {isa = PBXBuildFile; fileRef = A3F0C48E16634F5700CBFE54 /* pumaskfatheader@2x.png */; };
		A3F0C50B16634F5700CBFE54 /* pumasknavigate@2x.png in Resources */ = {isa = PBXBuildFile; fileRef = A3F0C48F16634F5700CBFE54 /* pumasknavigate@2x.png */; };
		A3F0C50C16634F5700CBFE54 /* pumasksmall@2x.png in Resources */ = {isa = PBXBuildFile; fileRef = A3F0C49016634F5700CBFE54 /* pumasksmall@2x.png */; };
		A3F0C50D16634F5700CBFE54 /* pumaskthin@2x.png in Resources */ = {isa = PBXBuildFile; fileRef = A3F0C49116634F5700CBFE54 /* pumaskthin@2x.png */; };
		A3F0C50E16634F5700CBFE54 /* pumultiselect_se@2x.png in Resources */ = {isa = PBXBuildFile; fileRef = A3F0C49216634F5700CBFE54 /* pumultiselect_se@2x.png */; };
		A3F0C50F16634F5700CBFE54 /* pumultiselect_se_click@2x.png in Resources */ = {isa = PBXBuildFile; fileRef = A3F0C49316634F5700CBFE54 /* pumultiselect_se_click@2x.png */; };
		A3F0C51016634F5700CBFE54 /* pumultiselect_un@2x.png in Resources */ = {isa = PBXBuildFile; fileRef = A3F0C49416634F5700CBFE54 /* pumultiselect_un@2x.png */; };
		A3F0C51116634F5700CBFE54 /* pumultiselect_un_click@2x.png in Resources */ = {isa = PBXBuildFile; fileRef = A3F0C49516634F5700CBFE54 /* pumultiselect_un_click@2x.png */; };
		A3F0C51216634F5700CBFE54 /* puright_click@2x.png in Resources */ = {isa = PBXBuildFile; fileRef = A3F0C49616634F5700CBFE54 /* puright_click@2x.png */; };
		A3F0C51316634F5700CBFE54 /* puright_normal@2x.png in Resources */ = {isa = PBXBuildFile; fileRef = A3F0C49716634F5700CBFE54 /* puright_normal@2x.png */; };
		A3F0C51416634F5700CBFE54 /* NKPopupView.m in Sources */ = {isa = PBXBuildFile; fileRef = A3F0C49916634F5700CBFE54 /* NKPopupView.m */; };
		A3F0C51516634F5700CBFE54 /* NKSegmentControl.m in Sources */ = {isa = PBXBuildFile; fileRef = A3F0C49B16634F5700CBFE54 /* NKSegmentControl.m */; };
		A3F0C51616634F5700CBFE54 /* NKSwitch.m in Sources */ = {isa = PBXBuildFile; fileRef = A3F0C49D16634F5700CBFE54 /* NKSwitch.m */; };
		A3F0C51716634F5700CBFE54 /* NKTableViewCell.m in Sources */ = {isa = PBXBuildFile; fileRef = A3F0C49F16634F5700CBFE54 /* NKTableViewCell.m */; };
		A3F0C51816634F5700CBFE54 /* NKTextField.m in Sources */ = {isa = PBXBuildFile; fileRef = A3F0C4A116634F5700CBFE54 /* NKTextField.m */; };
		A3F0C51916634F5700CBFE54 /* NKTextViewWithPlaceholder.m in Sources */ = {isa = PBXBuildFile; fileRef = A3F0C4A316634F5700CBFE54 /* NKTextViewWithPlaceholder.m */; };
		A3F0C51A16634F5700CBFE54 /* UIColor+HexString.m in Sources */ = {isa = PBXBuildFile; fileRef = A3F0C4A516634F5700CBFE54 /* UIColor+HexString.m */; };
		A3F0C51B16634F5700CBFE54 /* UIImage+Alpha.m in Sources */ = {isa = PBXBuildFile; fileRef = A3F0C4A816634F5700CBFE54 /* UIImage+Alpha.m */; };
		A3F0C51C16634F5700CBFE54 /* UIImage+Resize.m in Sources */ = {isa = PBXBuildFile; fileRef = A3F0C4AA16634F5700CBFE54 /* UIImage+Resize.m */; };
		A3F0C51D16634F5700CBFE54 /* UIImage+RoundedCorner.m in Sources */ = {isa = PBXBuildFile; fileRef = A3F0C4AC16634F5700CBFE54 /* UIImage+RoundedCorner.m */; };
/* End PBXBuildFile section */

/* Begin PBXFileReference section */
		3CBCB1AE1653CBF00086E863 /* MomoHelper.app */ = {isa = PBXFileReference; explicitFileType = wrapper.application; includeInIndex = 0; path = MomoHelper.app; sourceTree = BUILT_PRODUCTS_DIR; };
		3CBCB1B21653CBF00086E863 /* UIKit.framework */ = {isa = PBXFileReference; lastKnownFileType = wrapper.framework; name = UIKit.framework; path = System/Library/Frameworks/UIKit.framework; sourceTree = SDKROOT; };
		3CBCB1B41653CBF00086E863 /* Foundation.framework */ = {isa = PBXFileReference; lastKnownFileType = wrapper.framework; name = Foundation.framework; path = System/Library/Frameworks/Foundation.framework; sourceTree = SDKROOT; };
		3CBCB1B61653CBF00086E863 /* CoreGraphics.framework */ = {isa = PBXFileReference; lastKnownFileType = wrapper.framework; name = CoreGraphics.framework; path = System/Library/Frameworks/CoreGraphics.framework; sourceTree = SDKROOT; };
		3CBCB1BA1653CBF00086E863 /* MomoHelper-Info.plist */ = {isa = PBXFileReference; lastKnownFileType = text.plist.xml; path = "MomoHelper-Info.plist"; sourceTree = "<group>"; };
		3CBCB1BC1653CBF00086E863 /* en */ = {isa = PBXFileReference; lastKnownFileType = text.plist.strings; name = en; path = en.lproj/InfoPlist.strings; sourceTree = "<group>"; };
		3CBCB1BE1653CBF00086E863 /* main.m */ = {isa = PBXFileReference; lastKnownFileType = sourcecode.c.objc; path = main.m; sourceTree = "<group>"; };
		3CBCB1C01653CBF00086E863 /* MomoHelper-Prefix.pch */ = {isa = PBXFileReference; lastKnownFileType = sourcecode.c.h; path = "MomoHelper-Prefix.pch"; sourceTree = "<group>"; };
		3CBCB1C11653CBF00086E863 /* MMAppDelegate.h */ = {isa = PBXFileReference; lastKnownFileType = sourcecode.c.h; path = MMAppDelegate.h; sourceTree = "<group>"; };
		3CBCB1C21653CBF00086E863 /* MMAppDelegate.m */ = {isa = PBXFileReference; lastKnownFileType = sourcecode.c.objc; path = MMAppDelegate.m; sourceTree = "<group>"; };
		3CBCB1C41653CBF00086E863 /* Default.png */ = {isa = PBXFileReference; lastKnownFileType = image.png; path = Default.png; sourceTree = "<group>"; };
		3CBCB1C61653CBF00086E863 /* Default@2x.png */ = {isa = PBXFileReference; lastKnownFileType = image.png; path = "Default@2x.png"; sourceTree = "<group>"; };
		3CBCB1C81653CBF00086E863 /* Default-568h@2x.png */ = {isa = PBXFileReference; lastKnownFileType = image.png; path = "Default-568h@2x.png"; sourceTree = "<group>"; };
		3CBCB2AD1653CC510086E863 /* CFNetwork.framework */ = {isa = PBXFileReference; lastKnownFileType = wrapper.framework; name = CFNetwork.framework; path = System/Library/Frameworks/CFNetwork.framework; sourceTree = SDKROOT; };
		3CBCB2AF1653CC580086E863 /* SystemConfiguration.framework */ = {isa = PBXFileReference; lastKnownFileType = wrapper.framework; name = SystemConfiguration.framework; path = System/Library/Frameworks/SystemConfiguration.framework; sourceTree = SDKROOT; };
		3CBCB2B11653CC5E0086E863 /* MobileCoreServices.framework */ = {isa = PBXFileReference; lastKnownFileType = wrapper.framework; name = MobileCoreServices.framework; path = System/Library/Frameworks/MobileCoreServices.framework; sourceTree = SDKROOT; };
		3CBCB2B31653CC670086E863 /* libz.dylib */ = {isa = PBXFileReference; lastKnownFileType = "compiled.mach-o.dylib"; name = libz.dylib; path = usr/lib/libz.dylib; sourceTree = SDKROOT; };
		3CBCB2B51653CC6C0086E863 /* QuartzCore.framework */ = {isa = PBXFileReference; lastKnownFileType = wrapper.framework; name = QuartzCore.framework; path = System/Library/Frameworks/QuartzCore.framework; sourceTree = SDKROOT; };
		3CBCB2CA1653D4F50086E863 /* MMFindViewController.h */ = {isa = PBXFileReference; fileEncoding = 4; lastKnownFileType = sourcecode.c.h; path = MMFindViewController.h; sourceTree = "<group>"; };
		3CBCB2CB1653D4F50086E863 /* MMFindViewController.m */ = {isa = PBXFileReference; fileEncoding = 4; lastKnownFileType = sourcecode.c.objc; path = MMFindViewController.m; sourceTree = "<group>"; };
		3CBCB2CC1653D4F50086E863 /* MMFindViewController.xib */ = {isa = PBXFileReference; fileEncoding = 4; lastKnownFileType = file.xib; path = MMFindViewController.xib; sourceTree = "<group>"; };
		3CBCB2D01653D5560086E863 /* MMWolfViewController.h */ = {isa = PBXFileReference; fileEncoding = 4; lastKnownFileType = sourcecode.c.h; path = MMWolfViewController.h; sourceTree = "<group>"; };
		3CBCB2D11653D5560086E863 /* MMWolfViewController.m */ = {isa = PBXFileReference; fileEncoding = 4; lastKnownFileType = sourcecode.c.objc; path = MMWolfViewController.m; sourceTree = "<group>"; };
		3CBCB2D21653D5560086E863 /* MMWolfViewController.xib */ = {isa = PBXFileReference; fileEncoding = 4; lastKnownFileType = file.xib; path = MMWolfViewController.xib; sourceTree = "<group>"; };
		3CBCB2D51653D6270086E863 /* MapKit.framework */ = {isa = PBXFileReference; lastKnownFileType = wrapper.framework; name = MapKit.framework; path = System/Library/Frameworks/MapKit.framework; sourceTree = SDKROOT; };
		3CBCB2E71653E5FE0086E863 /* tab_find_c@2x.png */ = {isa = PBXFileReference; lastKnownFileType = image.png; path = "tab_find_c@2x.png"; sourceTree = "<group>"; };
		3CBCB2E81653E5FE0086E863 /* tab_find_n@2x.png */ = {isa = PBXFileReference; lastKnownFileType = image.png; path = "tab_find_n@2x.png"; sourceTree = "<group>"; };
		3CBCB2E91653E5FE0086E863 /* tab_wolf_c@2x.png */ = {isa = PBXFileReference; lastKnownFileType = image.png; path = "tab_wolf_c@2x.png"; sourceTree = "<group>"; };
		3CBCB2EA1653E5FE0086E863 /* tab_wolf_n@2x.png */ = {isa = PBXFileReference; lastKnownFileType = image.png; path = "tab_wolf_n@2x.png"; sourceTree = "<group>"; };
		A3E86523166467BE007AD827 /* NKNumberPad.h */ = {isa = PBXFileReference; fileEncoding = 4; lastKnownFileType = sourcecode.c.h; path = NKNumberPad.h; sourceTree = "<group>"; };
		A3E86524166467BE007AD827 /* NKNumberPad.m */ = {isa = PBXFileReference; fileEncoding = 4; lastKnownFileType = sourcecode.c.objc; path = NKNumberPad.m; sourceTree = "<group>"; };
		A3E8652F1664B216007AD827 /* RegionAnnotation.h */ = {isa = PBXFileReference; fileEncoding = 4; lastKnownFileType = sourcecode.c.h; path = RegionAnnotation.h; sourceTree = "<group>"; };
		A3E865301664B216007AD827 /* RegionAnnotation.m */ = {isa = PBXFileReference; fileEncoding = 4; lastKnownFileType = sourcecode.c.objc; path = RegionAnnotation.m; sourceTree = "<group>"; };
		A3E865311664B216007AD827 /* RegionAnnotationView.h */ = {isa = PBXFileReference; fileEncoding = 4; lastKnownFileType = sourcecode.c.h; path = RegionAnnotationView.h; sourceTree = "<group>"; };
		A3E865321664B216007AD827 /* RegionAnnotationView.m */ = {isa = PBXFileReference; fileEncoding = 4; lastKnownFileType = sourcecode.c.objc; path = RegionAnnotationView.m; sourceTree = "<group>"; };
		A3E865331664B216007AD827 /* RemoveRegion.png */ = {isa = PBXFileReference; lastKnownFileType = image.png; path = RemoveRegion.png; sourceTree = "<group>"; };
		A3E865341664B216007AD827 /* RemoveRegion@2x.png */ = {isa = PBXFileReference; lastKnownFileType = image.png; path = "RemoveRegion@2x.png"; sourceTree = "<group>"; };
		A3E865391664B4DB007AD827 /* CoreLocation.framework */ = {isa = PBXFileReference; lastKnownFileType = wrapper.framework; name = CoreLocation.framework; path = System/Library/Frameworks/CoreLocation.framework; sourceTree = SDKROOT; };
		A3F0C3F016634F5700CBFE54 /* NKAccountManager.h */ = {isa = PBXFileReference; fileEncoding = 4; lastKnownFileType = sourcecode.c.h; path = NKAccountManager.h; sourceTree = "<group>"; };
		A3F0C3F116634F5700CBFE54 /* NKAccountManager.m */ = {isa = PBXFileReference; fileEncoding = 4; lastKnownFileType = sourcecode.c.objc; path = NKAccountManager.m; sourceTree = "<group>"; };
		A3F0C3F216634F5700CBFE54 /* NKDataStore.h */ = {isa = PBXFileReference; fileEncoding = 4; lastKnownFileType = sourcecode.c.h; path = NKDataStore.h; sourceTree = "<group>"; };
		A3F0C3F316634F5700CBFE54 /* NKDataStore.m */ = {isa = PBXFileReference; fileEncoding = 4; lastKnownFileType = sourcecode.c.objc; path = NKDataStore.m; sourceTree = "<group>"; };
		A3F0C3F516634F5700CBFE54 /* NKMAccount.h */ = {isa = PBXFileReference; fileEncoding = 4; lastKnownFileType = sourcecode.c.h; path = NKMAccount.h; sourceTree = "<group>"; };
		A3F0C3F616634F5700CBFE54 /* NKMAccount.m */ = {isa = PBXFileReference; fileEncoding = 4; lastKnownFileType = sourcecode.c.objc; path = NKMAccount.m; sourceTree = "<group>"; };
		A3F0C3F716634F5700CBFE54 /* NKMActionResult.h */ = {isa = PBXFileReference; fileEncoding = 4; lastKnownFileType = sourcecode.c.h; path = NKMActionResult.h; sourceTree = "<group>"; };
		A3F0C3F816634F5700CBFE54 /* NKMActionResult.m */ = {isa = PBXFileReference; fileEncoding = 4; lastKnownFileType = sourcecode.c.objc; path = NKMActionResult.m; sourceTree = "<group>"; };
		A3F0C3F916634F5700CBFE54 /* NKMAttachment.h */ = {isa = PBXFileReference; fileEncoding = 4; lastKnownFileType = sourcecode.c.h; path = NKMAttachment.h; sourceTree = "<group>"; };
		A3F0C3FA16634F5700CBFE54 /* NKMAttachment.m */ = {isa = PBXFileReference; fileEncoding = 4; lastKnownFileType = sourcecode.c.objc; path = NKMAttachment.m; sourceTree = "<group>"; };
		A3F0C3FB16634F5700CBFE54 /* NKMFeed.h */ = {isa = PBXFileReference; fileEncoding = 4; lastKnownFileType = sourcecode.c.h; path = NKMFeed.h; sourceTree = "<group>"; };
		A3F0C3FC16634F5700CBFE54 /* NKMFeed.m */ = {isa = PBXFileReference; fileEncoding = 4; lastKnownFileType = sourcecode.c.objc; path = NKMFeed.m; sourceTree = "<group>"; };
		A3F0C3FD16634F5700CBFE54 /* NKModel.h */ = {isa = PBXFileReference; fileEncoding = 4; lastKnownFileType = sourcecode.c.h; path = NKModel.h; sourceTree = "<group>"; };
		A3F0C3FE16634F5700CBFE54 /* NKModel.m */ = {isa = PBXFileReference; fileEncoding = 4; lastKnownFileType = sourcecode.c.objc; path = NKModel.m; sourceTree = "<group>"; };
		A3F0C3FF16634F5700CBFE54 /* NKModelDefine.h */ = {isa = PBXFileReference; fileEncoding = 4; lastKnownFileType = sourcecode.c.h; path = NKModelDefine.h; sourceTree = "<group>"; };
		A3F0C40016634F5700CBFE54 /* NKMRecord.h */ = {isa = PBXFileReference; fileEncoding = 4; lastKnownFileType = sourcecode.c.h; path = NKMRecord.h; sourceTree = "<group>"; };
		A3F0C40116634F5700CBFE54 /* NKMRecord.m */ = {isa = PBXFileReference; fileEncoding = 4; lastKnownFileType = sourcecode.c.objc; path = NKMRecord.m; sourceTree = "<group>"; };
		A3F0C40216634F5700CBFE54 /* NKMUser.h */ = {isa = PBXFileReference; fileEncoding = 4; lastKnownFileType = sourcecode.c.h; path = NKMUser.h; sourceTree = "<group>"; };
		A3F0C40316634F5700CBFE54 /* NKMUser.m */ = {isa = PBXFileReference; fileEncoding = 4; lastKnownFileType = sourcecode.c.objc; path = NKMUser.m; sourceTree = "<group>"; };
		A3F0C40416634F5700CBFE54 /* NSURL+StringURLEncode.h */ = {isa = PBXFileReference; fileEncoding = 4; lastKnownFileType = sourcecode.c.h; path = "NSURL+StringURLEncode.h"; sourceTree = "<group>"; };
		A3F0C40516634F5700CBFE54 /* NSURL+StringURLEncode.m */ = {isa = PBXFileReference; fileEncoding = 4; lastKnownFileType = sourcecode.c.objc; path = "NSURL+StringURLEncode.m"; sourceTree = "<group>"; };
		A3F0C40816634F5700CBFE54 /* ASIAuthenticationDialog.h */ = {isa = PBXFileReference; fileEncoding = 4; lastKnownFileType = sourcecode.c.h; path = ASIAuthenticationDialog.h; sourceTree = "<group>"; };
		A3F0C40916634F5700CBFE54 /* ASIAuthenticationDialog.m */ = {isa = PBXFileReference; fileEncoding = 4; lastKnownFileType = sourcecode.c.objc; path = ASIAuthenticationDialog.m; sourceTree = "<group>"; };
		A3F0C40A16634F5700CBFE54 /* ASICacheDelegate.h */ = {isa = PBXFileReference; fileEncoding = 4; lastKnownFileType = sourcecode.c.h; path = ASICacheDelegate.h; sourceTree = "<group>"; };
		A3F0C40B16634F5700CBFE54 /* ASIDataCompressor.h */ = {isa = PBXFileReference; fileEncoding = 4; lastKnownFileType = sourcecode.c.h; path = ASIDataCompressor.h; sourceTree = "<group>"; };
		A3F0C40C16634F5700CBFE54 /* ASIDataCompressor.m */ = {isa = PBXFileReference; fileEncoding = 4; lastKnownFileType = sourcecode.c.objc; path = ASIDataCompressor.m; sourceTree = "<group>"; };
		A3F0C40D16634F5700CBFE54 /* ASIDataDecompressor.h */ = {isa = PBXFileReference; fileEncoding = 4; lastKnownFileType = sourcecode.c.h; path = ASIDataDecompressor.h; sourceTree = "<group>"; };
		A3F0C40E16634F5700CBFE54 /* ASIDataDecompressor.m */ = {isa = PBXFileReference; fileEncoding = 4; lastKnownFileType = sourcecode.c.objc; path = ASIDataDecompressor.m; sourceTree = "<group>"; };
		A3F0C40F16634F5700CBFE54 /* ASIDownloadCache.h */ = {isa = PBXFileReference; fileEncoding = 4; lastKnownFileType = sourcecode.c.h; path = ASIDownloadCache.h; sourceTree = "<group>"; };
		A3F0C41016634F5700CBFE54 /* ASIDownloadCache.m */ = {isa = PBXFileReference; fileEncoding = 4; lastKnownFileType = sourcecode.c.objc; path = ASIDownloadCache.m; sourceTree = "<group>"; };
		A3F0C41116634F5700CBFE54 /* ASIFormDataRequest.h */ = {isa = PBXFileReference; fileEncoding = 4; lastKnownFileType = sourcecode.c.h; path = ASIFormDataRequest.h; sourceTree = "<group>"; };
		A3F0C41216634F5700CBFE54 /* ASIFormDataRequest.m */ = {isa = PBXFileReference; fileEncoding = 4; lastKnownFileType = sourcecode.c.objc; path = ASIFormDataRequest.m; sourceTree = "<group>"; };
		A3F0C41316634F5700CBFE54 /* ASIHTTPRequest.h */ = {isa = PBXFileReference; fileEncoding = 4; lastKnownFileType = sourcecode.c.h; path = ASIHTTPRequest.h; sourceTree = "<group>"; };
		A3F0C41416634F5700CBFE54 /* ASIHTTPRequest.m */ = {isa = PBXFileReference; fileEncoding = 4; lastKnownFileType = sourcecode.c.objc; path = ASIHTTPRequest.m; sourceTree = "<group>"; };
		A3F0C41516634F5700CBFE54 /* ASIHTTPRequestConfig.h */ = {isa = PBXFileReference; fileEncoding = 4; lastKnownFileType = sourcecode.c.h; path = ASIHTTPRequestConfig.h; sourceTree = "<group>"; };
		A3F0C41616634F5700CBFE54 /* ASIHTTPRequestDelegate.h */ = {isa = PBXFileReference; fileEncoding = 4; lastKnownFileType = sourcecode.c.h; path = ASIHTTPRequestDelegate.h; sourceTree = "<group>"; };
		A3F0C41716634F5700CBFE54 /* ASIInputStream.h */ = {isa = PBXFileReference; fileEncoding = 4; lastKnownFileType = sourcecode.c.h; path = ASIInputStream.h; sourceTree = "<group>"; };
		A3F0C41816634F5700CBFE54 /* ASIInputStream.m */ = {isa = PBXFileReference; fileEncoding = 4; lastKnownFileType = sourcecode.c.objc; path = ASIInputStream.m; sourceTree = "<group>"; };
		A3F0C41916634F5700CBFE54 /* ASINetworkQueue.h */ = {isa = PBXFileReference; fileEncoding = 4; lastKnownFileType = sourcecode.c.h; path = ASINetworkQueue.h; sourceTree = "<group>"; };
		A3F0C41A16634F5700CBFE54 /* ASINetworkQueue.m */ = {isa = PBXFileReference; fileEncoding = 4; lastKnownFileType = sourcecode.c.objc; path = ASINetworkQueue.m; sourceTree = "<group>"; };
		A3F0C41B16634F5700CBFE54 /* ASIProgressDelegate.h */ = {isa = PBXFileReference; fileEncoding = 4; lastKnownFileType = sourcecode.c.h; path = ASIProgressDelegate.h; sourceTree = "<group>"; };
		A3F0C41D16634F5700CBFE54 /* Reachability.h */ = {isa = PBXFileReference; fileEncoding = 4; lastKnownFileType = sourcecode.c.h; path = Reachability.h; sourceTree = "<group>"; };
		A3F0C41E16634F5700CBFE54 /* Reachability.m */ = {isa = PBXFileReference; fileEncoding = 4; lastKnownFileType = sourcecode.c.objc; path = Reachability.m; sourceTree = "<group>"; };
		A3F0C42016634F5700CBFE54 /* JSONKit.h */ = {isa = PBXFileReference; fileEncoding = 4; lastKnownFileType = sourcecode.c.h; path = JSONKit.h; sourceTree = "<group>"; };
		A3F0C42116634F5700CBFE54 /* JSONKit.m */ = {isa = PBXFileReference; fileEncoding = 4; lastKnownFileType = sourcecode.c.objc; path = JSONKit.m; sourceTree = "<group>"; };
		A3F0C42216634F5700CBFE54 /* NKRequest.h */ = {isa = PBXFileReference; fileEncoding = 4; lastKnownFileType = sourcecode.c.h; path = NKRequest.h; sourceTree = "<group>"; };
		A3F0C42316634F5700CBFE54 /* NKRequest.m */ = {isa = PBXFileReference; fileEncoding = 4; lastKnownFileType = sourcecode.c.objc; path = NKRequest.m; sourceTree = "<group>"; };
		A3F0C42416634F5700CBFE54 /* NKRequestDelegate.h */ = {isa = PBXFileReference; fileEncoding = 4; lastKnownFileType = sourcecode.c.h; path = NKRequestDelegate.h; sourceTree = "<group>"; };
		A3F0C42516634F5700CBFE54 /* NKRequestDelegate.m */ = {isa = PBXFileReference; fileEncoding = 4; lastKnownFileType = sourcecode.c.objc; path = NKRequestDelegate.m; sourceTree = "<group>"; };
		A3F0C42616634F5700CBFE54 /* NKSDK.h */ = {isa = PBXFileReference; fileEncoding = 4; lastKnownFileType = sourcecode.c.h; path = NKSDK.h; sourceTree = "<group>"; };
		A3F0C42716634F5700CBFE54 /* NKSDK.m */ = {isa = PBXFileReference; fileEncoding = 4; lastKnownFileType = sourcecode.c.objc; path = NKSDK.m; sourceTree = "<group>"; };
		A3F0C42916634F5700CBFE54 /* NKAccountService.h */ = {isa = PBXFileReference; fileEncoding = 4; lastKnownFileType = sourcecode.c.h; path = NKAccountService.h; sourceTree = "<group>"; };
		A3F0C42A16634F5700CBFE54 /* NKAccountService.m */ = {isa = PBXFileReference; fileEncoding = 4; lastKnownFileType = sourcecode.c.objc; path = NKAccountService.m; sourceTree = "<group>"; };
		A3F0C42B16634F5700CBFE54 /* NKRecordService.h */ = {isa = PBXFileReference; fileEncoding = 4; lastKnownFileType = sourcecode.c.h; path = NKRecordService.h; sourceTree = "<group>"; };
		A3F0C42C16634F5700CBFE54 /* NKRecordService.m */ = {isa = PBXFileReference; fileEncoding = 4; lastKnownFileType = sourcecode.c.objc; path = NKRecordService.m; sourceTree = "<group>"; };
		A3F0C42D16634F5700CBFE54 /* NKServiceBase.h */ = {isa = PBXFileReference; fileEncoding = 4; lastKnownFileType = sourcecode.c.h; path = NKServiceBase.h; sourceTree = "<group>"; };
		A3F0C42E16634F5700CBFE54 /* NKServiceBase.m */ = {isa = PBXFileReference; fileEncoding = 4; lastKnownFileType = sourcecode.c.objc; path = NKServiceBase.m; sourceTree = "<group>"; };
		A3F0C42F16634F5700CBFE54 /* NKUserService.h */ = {isa = PBXFileReference; fileEncoding = 4; lastKnownFileType = sourcecode.c.h; path = NKUserService.h; sourceTree = "<group>"; };
		A3F0C43016634F5700CBFE54 /* NKUserService.m */ = {isa = PBXFileReference; fileEncoding = 4; lastKnownFileType = sourcecode.c.objc; path = NKUserService.m; sourceTree = "<group>"; };
		A3F0C43216634F5700CBFE54 /* NKConfig.h */ = {isa = PBXFileReference; fileEncoding = 4; lastKnownFileType = sourcecode.c.h; path = NKConfig.h; sourceTree = "<group>"; };
		A3F0C43316634F5700CBFE54 /* NKConfig.m */ = {isa = PBXFileReference; fileEncoding = 4; lastKnownFileType = sourcecode.c.objc; path = NKConfig.m; sourceTree = "<group>"; };
		A3F0C43416634F5700CBFE54 /* NKNavigator.h */ = {isa = PBXFileReference; fileEncoding = 4; lastKnownFileType = sourcecode.c.h; path = NKNavigator.h; sourceTree = "<group>"; };
		A3F0C43516634F5700CBFE54 /* NKNavigator.m */ = {isa = PBXFileReference; fileEncoding = 4; lastKnownFileType = sourcecode.c.objc; path = NKNavigator.m; sourceTree = "<group>"; };
		A3F0C43616634F5700CBFE54 /* NKTableViewController.h */ = {isa = PBXFileReference; fileEncoding = 4; lastKnownFileType = sourcecode.c.h; path = NKTableViewController.h; sourceTree = "<group>"; };
		A3F0C43716634F5700CBFE54 /* NKTableViewController.m */ = {isa = PBXFileReference; fileEncoding = 4; lastKnownFileType = sourcecode.c.objc; path = NKTableViewController.m; sourceTree = "<group>"; };
		A3F0C43816634F5700CBFE54 /* NKUI.h */ = {isa = PBXFileReference; fileEncoding = 4; lastKnownFileType = sourcecode.c.h; path = NKUI.h; sourceTree = "<group>"; };
		A3F0C43916634F5700CBFE54 /* NKUI.m */ = {isa = PBXFileReference; fileEncoding = 4; lastKnownFileType = sourcecode.c.objc; path = NKUI.m; sourceTree = "<group>"; };
		A3F0C43A16634F5700CBFE54 /* NKViewController.h */ = {isa = PBXFileReference; fileEncoding = 4; lastKnownFileType = sourcecode.c.h; path = NKViewController.h; sourceTree = "<group>"; };
		A3F0C43B16634F5700CBFE54 /* NKViewController.m */ = {isa = PBXFileReference; fileEncoding = 4; lastKnownFileType = sourcecode.c.objc; path = NKViewController.m; sourceTree = "<group>"; };
		A3F0C43E16634F5700CBFE54 /* EGORefreshTableHeaderView.h */ = {isa = PBXFileReference; fileEncoding = 4; lastKnownFileType = sourcecode.c.h; path = EGORefreshTableHeaderView.h; sourceTree = "<group>"; };
		A3F0C43F16634F5700CBFE54 /* EGORefreshTableHeaderView.m */ = {isa = PBXFileReference; fileEncoding = 4; lastKnownFileType = sourcecode.c.objc; path = EGORefreshTableHeaderView.m; sourceTree = "<group>"; };
		A3F0C44116634F5700CBFE54 /* HPGrowingTextView.h */ = {isa = PBXFileReference; fileEncoding = 4; lastKnownFileType = sourcecode.c.h; path = HPGrowingTextView.h; sourceTree = "<group>"; };
		A3F0C44216634F5700CBFE54 /* HPGrowingTextView.m */ = {isa = PBXFileReference; fileEncoding = 4; lastKnownFileType = sourcecode.c.objc; path = HPGrowingTextView.m; sourceTree = "<group>"; };
		A3F0C44316634F5700CBFE54 /* HPTextViewInternal.h */ = {isa = PBXFileReference; fileEncoding = 4; lastKnownFileType = sourcecode.c.h; path = HPTextViewInternal.h; sourceTree = "<group>"; };
		A3F0C44416634F5700CBFE54 /* HPTextViewInternal.m */ = {isa = PBXFileReference; fileEncoding = 4; lastKnownFileType = sourcecode.c.objc; path = HPTextViewInternal.m; sourceTree = "<group>"; };
		A3F0C44616634F5700CBFE54 /* NKCellDataOBJ.h */ = {isa = PBXFileReference; fileEncoding = 4; lastKnownFileType = sourcecode.c.h; path = NKCellDataOBJ.h; sourceTree = "<group>"; };
		A3F0C44716634F5700CBFE54 /* NKCellDataOBJ.m */ = {isa = PBXFileReference; fileEncoding = 4; lastKnownFileType = sourcecode.c.objc; path = NKCellDataOBJ.m; sourceTree = "<group>"; };
		A3F0C44816634F5700CBFE54 /* NKDateUtil.h */ = {isa = PBXFileReference; fileEncoding = 4; lastKnownFileType = sourcecode.c.h; path = NKDateUtil.h; sourceTree = "<group>"; };
		A3F0C44916634F5700CBFE54 /* NKDateUtil.m */ = {isa = PBXFileReference; fileEncoding = 4; lastKnownFileType = sourcecode.c.objc; path = NKDateUtil.m; sourceTree = "<group>"; };
		A3F0C44B16634F5700CBFE54 /* emojo.plist */ = {isa = PBXFileReference; fileEncoding = 4; lastKnownFileType = text.plist.xml; path = emojo.plist; sourceTree = "<group>"; };
		A3F0C44E16634F5700CBFE54 /* emojo_bizui@2x.png */ = {isa = PBXFileReference; lastKnownFileType = image.png; path = "emojo_bizui@2x.png"; sourceTree = "<group>"; };
		A3F0C44F16634F5700CBFE54 /* emojo_chi@2x.png */ = {isa = PBXFileReference; lastKnownFileType = image.png; path = "emojo_chi@2x.png"; sourceTree = "<group>"; };
		A3F0C45016634F5700CBFE54 /* emojo_chiya@2x.png */ = {isa = PBXFileReference; lastKnownFileType = image.png; path = "emojo_chiya@2x.png"; sourceTree = "<group>"; };
		A3F0C45116634F5700CBFE54 /* emojo_dai@2x.png */ = {isa = PBXFileReference; lastKnownFileType = image.png; path = "emojo_dai@2x.png"; sourceTree = "<group>"; };
		A3F0C45216634F5700CBFE54 /* emojo_daxiao@2x.png */ = {isa = PBXFileReference; lastKnownFileType = image.png; path = "emojo_daxiao@2x.png"; sourceTree = "<group>"; };
		A3F0C45316634F5700CBFE54 /* emojo_e@2x.png */ = {isa = PBXFileReference; lastKnownFileType = image.png; path = "emojo_e@2x.png"; sourceTree = "<group>"; };
		A3F0C45416634F5700CBFE54 /* emojo_guilian@2x.png */ = {isa = PBXFileReference; lastKnownFileType = image.png; path = "emojo_guilian@2x.png"; sourceTree = "<group>"; };
		A3F0C45516634F5700CBFE54 /* emojo_haidao@2x.png */ = {isa = PBXFileReference; lastKnownFileType = image.png; path = "emojo_haidao@2x.png"; sourceTree = "<group>"; };
		A3F0C45616634F5700CBFE54 /* emojo_han@2x.png */ = {isa = PBXFileReference; lastKnownFileType = image.png; path = "emojo_han@2x.png"; sourceTree = "<group>"; };
		A3F0C45716634F5700CBFE54 /* emojo_hen@2x.png */ = {isa = PBXFileReference; lastKnownFileType = image.png; path = "emojo_hen@2x.png"; sourceTree = "<group>"; };
		A3F0C45816634F5700CBFE54 /* emojo_jiong@2x.png */ = {isa = PBXFileReference; lastKnownFileType = image.png; path = "emojo_jiong@2x.png"; sourceTree = "<group>"; };
		A3F0C45916634F5700CBFE54 /* emojo_ku@2x.png */ = {isa = PBXFileReference; lastKnownFileType = image.png; path = "emojo_ku@2x.png"; sourceTree = "<group>"; };
		A3F0C45A16634F5700CBFE54 /* emojo_kulou@2x.png */ = {isa = PBXFileReference; lastKnownFileType = image.png; path = "emojo_kulou@2x.png"; sourceTree = "<group>"; };
		A3F0C45B16634F5700CBFE54 /* emojo_meng@2x.png */ = {isa = PBXFileReference; lastKnownFileType = image.png; path = "emojo_meng@2x.png"; sourceTree = "<group>"; };
		A3F0C45C16634F5700CBFE54 /* emojo_miao@2x.png */ = {isa = PBXFileReference; lastKnownFileType = image.png; path = "emojo_miao@2x.png"; sourceTree = "<group>"; };
		A3F0C45D16634F5700CBFE54 /* emojo_nu@2x.png */ = {isa = PBXFileReference; lastKnownFileType = image.png; path = "emojo_nu@2x.png"; sourceTree = "<group>"; };
		A3F0C45E16634F5700CBFE54 /* emojo_pidan@2x.png */ = {isa = PBXFileReference; lastKnownFileType = image.png; path = "emojo_pidan@2x.png"; sourceTree = "<group>"; };
		A3F0C45F16634F5700CBFE54 /* emojo_shuai@2x.png */ = {isa = PBXFileReference; lastKnownFileType = image.png; path = "emojo_shuai@2x.png"; sourceTree = "<group>"; };
		A3F0C46016634F5700CBFE54 /* emojo_tu@2x.png */ = {isa = PBXFileReference; lastKnownFileType = image.png; path = "emojo_tu@2x.png"; sourceTree = "<group>"; };
		A3F0C46116634F5700CBFE54 /* emojo_weixiao@2x.png */ = {isa = PBXFileReference; lastKnownFileType = image.png; path = "emojo_weixiao@2x.png"; sourceTree = "<group>"; };
		A3F0C46216634F5700CBFE54 /* emojo_xihuan@2x.png */ = {isa = PBXFileReference; lastKnownFileType = image.png; path = "emojo_xihuan@2x.png"; sourceTree = "<group>"; };
		A3F0C46316634F5700CBFE54 /* emojoback@2x.png */ = {isa = PBXFileReference; lastKnownFileType = image.png; path = "emojoback@2x.png"; sourceTree = "<group>"; };
		A3F0C46416634F5700CBFE54 /* emojo_normal@2x.png */ = {isa = PBXFileReference; lastKnownFileType = image.png; path = "emojo_normal@2x.png"; sourceTree = "<group>"; };
		A3F0C46516634F5700CBFE54 /* replyhide@2x.png */ = {isa = PBXFileReference; lastKnownFileType = image.png; path = "replyhide@2x.png"; sourceTree = "<group>"; };
		A3F0C46616634F5700CBFE54 /* replyinputbg@2x.png */ = {isa = PBXFileReference; lastKnownFileType = image.png; path = "replyinputbg@2x.png"; sourceTree = "<group>"; };
		A3F0C46716634F5700CBFE54 /* replykeyboard@2x.png */ = {isa = PBXFileReference; lastKnownFileType = image.png; path = "replykeyboard@2x.png"; sourceTree = "<group>"; };
		A3F0C46816634F5700CBFE54 /* replysend_click@2x.png */ = {isa = PBXFileReference; lastKnownFileType = image.png; path = "replysend_click@2x.png"; sourceTree = "<group>"; };
		A3F0C46916634F5700CBFE54 /* replysend_disable@2x.png */ = {isa = PBXFileReference; lastKnownFileType = image.png; path = "replysend_disable@2x.png"; sourceTree = "<group>"; };
		A3F0C46A16634F5700CBFE54 /* replysend_normal@2x.png */ = {isa = PBXFileReference; lastKnownFileType = image.png; path = "replysend_normal@2x.png"; sourceTree = "<group>"; };
		A3F0C46B16634F5700CBFE54 /* NKEmojoView.h */ = {isa = PBXFileReference; fileEncoding = 4; lastKnownFileType = sourcecode.c.h; path = NKEmojoView.h; sourceTree = "<group>"; };
		A3F0C46C16634F5700CBFE54 /* NKEmojoView.m */ = {isa = PBXFileReference; fileEncoding = 4; lastKnownFileType = sourcecode.c.objc; path = NKEmojoView.m; sourceTree = "<group>"; };
		A3F0C46D16634F5700CBFE54 /* NKInputView.h */ = {isa = PBXFileReference; fileEncoding = 4; lastKnownFileType = sourcecode.c.h; path = NKInputView.h; sourceTree = "<group>"; };
		A3F0C46E16634F5700CBFE54 /* NKInputView.m */ = {isa = PBXFileReference; fileEncoding = 4; lastKnownFileType = sourcecode.c.objc; path = NKInputView.m; sourceTree = "<group>"; };
		A3F0C46F16634F5700CBFE54 /* NKKit.h */ = {isa = PBXFileReference; fileEncoding = 4; lastKnownFileType = sourcecode.c.h; path = NKKit.h; sourceTree = "<group>"; };
		A3F0C47016634F5700CBFE54 /* NKKVOImageView.h */ = {isa = PBXFileReference; fileEncoding = 4; lastKnownFileType = sourcecode.c.h; path = NKKVOImageView.h; sourceTree = "<group>"; };
		A3F0C47116634F5700CBFE54 /* NKKVOImageView.m */ = {isa = PBXFileReference; fileEncoding = 4; lastKnownFileType = sourcecode.c.objc; path = NKKVOImageView.m; sourceTree = "<group>"; };
		A3F0C47216634F5700CBFE54 /* NKKVOLabel.h */ = {isa = PBXFileReference; fileEncoding = 4; lastKnownFileType = sourcecode.c.h; path = NKKVOLabel.h; sourceTree = "<group>"; };
		A3F0C47316634F5700CBFE54 /* NKKVOLabel.m */ = {isa = PBXFileReference; fileEncoding = 4; lastKnownFileType = sourcecode.c.objc; path = NKKVOLabel.m; sourceTree = "<group>"; };
		A3F0C47416634F5700CBFE54 /* NKLoadingMoreView.h */ = {isa = PBXFileReference; fileEncoding = 4; lastKnownFileType = sourcecode.c.h; path = NKLoadingMoreView.h; sourceTree = "<group>"; };
		A3F0C47516634F5700CBFE54 /* NKLoadingMoreView.m */ = {isa = PBXFileReference; fileEncoding = 4; lastKnownFileType = sourcecode.c.objc; path = NKLoadingMoreView.m; sourceTree = "<group>"; };
		A3F0C47616634F5700CBFE54 /* NKPictureViewer.h */ = {isa = PBXFileReference; fileEncoding = 4; lastKnownFileType = sourcecode.c.h; path = NKPictureViewer.h; sourceTree = "<group>"; };
		A3F0C47716634F5700CBFE54 /* NKPictureViewer.m */ = {isa = PBXFileReference; fileEncoding = 4; lastKnownFileType = sourcecode.c.objc; path = NKPictureViewer.m; sourceTree = "<group>"; };
		A3F0C47A16634F5700CBFE54 /* puarrow@2x.png */ = {isa = PBXFileReference; lastKnownFileType = image.png; path = "puarrow@2x.png"; sourceTree = "<group>"; };
		A3F0C47B16634F5700CBFE54 /* puarrow_click@2x.png */ = {isa = PBXFileReference; lastKnownFileType = image.png; path = "puarrow_click@2x.png"; sourceTree = "<group>"; };
		A3F0C47C16634F5700CBFE54 /* pubackarrow_click@2x.png */ = {isa = PBXFileReference; lastKnownFileType = image.png; path = "pubackarrow_click@2x.png"; sourceTree = "<group>"; };
		A3F0C47D16634F5700CBFE54 /* pubackarrow_normal@2x.png */ = {isa = PBXFileReference; lastKnownFileType = image.png; path = "pubackarrow_normal@2x.png"; sourceTree = "<group>"; };
		A3F0C47E16634F5700CBFE54 /* publackbutton_click@2x.png */ = {isa = PBXFileReference; lastKnownFileType = image.png; path = "publackbutton_click@2x.png"; sourceTree = "<group>"; };
		A3F0C47F16634F5700CBFE54 /* publackbutton_normal@2x.png */ = {isa = PBXFileReference; lastKnownFileType = image.png; path = "publackbutton_normal@2x.png"; sourceTree = "<group>"; };
		A3F0C48016634F5700CBFE54 /* pucellback_ highlight@2x.png */ = {isa = PBXFileReference; lastKnownFileType = image.png; path = "pucellback_ highlight@2x.png"; sourceTree = "<group>"; };
		A3F0C48116634F5700CBFE54 /* pucellback_normal@2x.png */ = {isa = PBXFileReference; lastKnownFileType = image.png; path = "pucellback_normal@2x.png"; sourceTree = "<group>"; };
		A3F0C48216634F5700CBFE54 /* pucurrentlocation@2x.png */ = {isa = PBXFileReference; lastKnownFileType = image.png; path = "pucurrentlocation@2x.png"; sourceTree = "<group>"; };
		A3F0C48316634F5700CBFE54 /* pucurrentlocation_click@2x.png */ = {isa = PBXFileReference; lastKnownFileType = image.png; path = "pucurrentlocation_click@2x.png"; sourceTree = "<group>"; };
		A3F0C48416634F5700CBFE54 /* pucurrentpick@2x.png */ = {isa = PBXFileReference; lastKnownFileType = image.png; path = "pucurrentpick@2x.png"; sourceTree = "<group>"; };
		A3F0C48516634F5700CBFE54 /* pucurrentpick_click@2x.png */ = {isa = PBXFileReference; lastKnownFileType = image.png; path = "pucurrentpick_click@2x.png"; sourceTree = "<group>"; };
		A3F0C48616634F5700CBFE54 /* pudonebutton_click@2x.png */ = {isa = PBXFileReference; lastKnownFileType = image.png; path = "pudonebutton_click@2x.png"; sourceTree = "<group>"; };
		A3F0C48716634F5700CBFE54 /* pudonebutton_normal@2x.png */ = {isa = PBXFileReference; lastKnownFileType = image.png; path = "pudonebutton_normal@2x.png"; sourceTree = "<group>"; };
		A3F0C48816634F5700CBFE54 /* pugreenbutton_click@2x.png */ = {isa = PBXFileReference; lastKnownFileType = image.png; path = "pugreenbutton_click@2x.png"; sourceTree = "<group>"; };
		A3F0C48916634F5700CBFE54 /* pugreenbutton_normal@2x.png */ = {isa = PBXFileReference; lastKnownFileType = image.png; path = "pugreenbutton_normal@2x.png"; sourceTree = "<group>"; };
		A3F0C48A16634F5700CBFE54 /* puinputback@2x.png */ = {isa = PBXFileReference; lastKnownFileType = image.png; path = "puinputback@2x.png"; sourceTree = "<group>"; };
		A3F0C48B16634F5700CBFE54 /* puinputbutton_click@2x.png */ = {isa = PBXFileReference; lastKnownFileType = image.png; path = "puinputbutton_click@2x.png"; sourceTree = "<group>"; };
		A3F0C48C16634F5700CBFE54 /* puinputbutton_normal@2x.png */ = {isa = PBXFileReference; lastKnownFileType = image.png; path = "puinputbutton_normal@2x.png"; sourceTree = "<group>"; };
		A3F0C48D16634F5700CBFE54 /* pumaskfatboth@2x.png */ = {isa = PBXFileReference; lastKnownFileType = image.png; path = "pumaskfatboth@2x.png"; sourceTree = "<group>"; };
		A3F0C48E16634F5700CBFE54 /* pumaskfatheader@2x.png */ = {isa = PBXFileReference; lastKnownFileType = image.png; path = "pumaskfatheader@2x.png"; sourceTree = "<group>"; };
		A3F0C48F16634F5700CBFE54 /* pumasknavigate@2x.png */ = {isa = PBXFileReference; lastKnownFileType = image.png; path = "pumasknavigate@2x.png"; sourceTree = "<group>"; };
		A3F0C49016634F5700CBFE54 /* pumasksmall@2x.png */ = {isa = PBXFileReference; lastKnownFileType = image.png; path = "pumasksmall@2x.png"; sourceTree = "<group>"; };
		A3F0C49116634F5700CBFE54 /* pumaskthin@2x.png */ = {isa = PBXFileReference; lastKnownFileType = image.png; path = "pumaskthin@2x.png"; sourceTree = "<group>"; };
		A3F0C49216634F5700CBFE54 /* pumultiselect_se@2x.png */ = {isa = PBXFileReference; lastKnownFileType = image.png; path = "pumultiselect_se@2x.png"; sourceTree = "<group>"; };
		A3F0C49316634F5700CBFE54 /* pumultiselect_se_click@2x.png */ = {isa = PBXFileReference; lastKnownFileType = image.png; path = "pumultiselect_se_click@2x.png"; sourceTree = "<group>"; };
		A3F0C49416634F5700CBFE54 /* pumultiselect_un@2x.png */ = {isa = PBXFileReference; lastKnownFileType = image.png; path = "pumultiselect_un@2x.png"; sourceTree = "<group>"; };
		A3F0C49516634F5700CBFE54 /* pumultiselect_un_click@2x.png */ = {isa = PBXFileReference; lastKnownFileType = image.png; path = "pumultiselect_un_click@2x.png"; sourceTree = "<group>"; };
		A3F0C49616634F5700CBFE54 /* puright_click@2x.png */ = {isa = PBXFileReference; lastKnownFileType = image.png; path = "puright_click@2x.png"; sourceTree = "<group>"; };
		A3F0C49716634F5700CBFE54 /* puright_normal@2x.png */ = {isa = PBXFileReference; lastKnownFileType = image.png; path = "puright_normal@2x.png"; sourceTree = "<group>"; };
		A3F0C49816634F5700CBFE54 /* NKPopupView.h */ = {isa = PBXFileReference; fileEncoding = 4; lastKnownFileType = sourcecode.c.h; path = NKPopupView.h; sourceTree = "<group>"; };
		A3F0C49916634F5700CBFE54 /* NKPopupView.m */ = {isa = PBXFileReference; fileEncoding = 4; lastKnownFileType = sourcecode.c.objc; path = NKPopupView.m; sourceTree = "<group>"; };
		A3F0C49A16634F5700CBFE54 /* NKSegmentControl.h */ = {isa = PBXFileReference; fileEncoding = 4; lastKnownFileType = sourcecode.c.h; path = NKSegmentControl.h; sourceTree = "<group>"; };
		A3F0C49B16634F5700CBFE54 /* NKSegmentControl.m */ = {isa = PBXFileReference; fileEncoding = 4; lastKnownFileType = sourcecode.c.objc; path = NKSegmentControl.m; sourceTree = "<group>"; };
		A3F0C49C16634F5700CBFE54 /* NKSwitch.h */ = {isa = PBXFileReference; fileEncoding = 4; lastKnownFileType = sourcecode.c.h; path = NKSwitch.h; sourceTree = "<group>"; };
		A3F0C49D16634F5700CBFE54 /* NKSwitch.m */ = {isa = PBXFileReference; fileEncoding = 4; lastKnownFileType = sourcecode.c.objc; path = NKSwitch.m; sourceTree = "<group>"; };
		A3F0C49E16634F5700CBFE54 /* NKTableViewCell.h */ = {isa = PBXFileReference; fileEncoding = 4; lastKnownFileType = sourcecode.c.h; path = NKTableViewCell.h; sourceTree = "<group>"; };
		A3F0C49F16634F5700CBFE54 /* NKTableViewCell.m */ = {isa = PBXFileReference; fileEncoding = 4; lastKnownFileType = sourcecode.c.objc; path = NKTableViewCell.m; sourceTree = "<group>"; };
		A3F0C4A016634F5700CBFE54 /* NKTextField.h */ = {isa = PBXFileReference; fileEncoding = 4; lastKnownFileType = sourcecode.c.h; path = NKTextField.h; sourceTree = "<group>"; };
		A3F0C4A116634F5700CBFE54 /* NKTextField.m */ = {isa = PBXFileReference; fileEncoding = 4; lastKnownFileType = sourcecode.c.objc; path = NKTextField.m; sourceTree = "<group>"; };
		A3F0C4A216634F5700CBFE54 /* NKTextViewWithPlaceholder.h */ = {isa = PBXFileReference; fileEncoding = 4; lastKnownFileType = sourcecode.c.h; path = NKTextViewWithPlaceholder.h; sourceTree = "<group>"; };
		A3F0C4A316634F5700CBFE54 /* NKTextViewWithPlaceholder.m */ = {isa = PBXFileReference; fileEncoding = 4; lastKnownFileType = sourcecode.c.objc; path = NKTextViewWithPlaceholder.m; sourceTree = "<group>"; };
		A3F0C4A416634F5700CBFE54 /* UIColor+HexString.h */ = {isa = PBXFileReference; fileEncoding = 4; lastKnownFileType = sourcecode.c.h; path = "UIColor+HexString.h"; sourceTree = "<group>"; };
		A3F0C4A516634F5700CBFE54 /* UIColor+HexString.m */ = {isa = PBXFileReference; fileEncoding = 4; lastKnownFileType = sourcecode.c.objc; path = "UIColor+HexString.m"; sourceTree = "<group>"; };
		A3F0C4A716634F5700CBFE54 /* UIImage+Alpha.h */ = {isa = PBXFileReference; fileEncoding = 4; lastKnownFileType = sourcecode.c.h; path = "UIImage+Alpha.h"; sourceTree = "<group>"; };
		A3F0C4A816634F5700CBFE54 /* UIImage+Alpha.m */ = {isa = PBXFileReference; fileEncoding = 4; lastKnownFileType = sourcecode.c.objc; path = "UIImage+Alpha.m"; sourceTree = "<group>"; };
		A3F0C4A916634F5700CBFE54 /* UIImage+Resize.h */ = {isa = PBXFileReference; fileEncoding = 4; lastKnownFileType = sourcecode.c.h; path = "UIImage+Resize.h"; sourceTree = "<group>"; };
		A3F0C4AA16634F5700CBFE54 /* UIImage+Resize.m */ = {isa = PBXFileReference; fileEncoding = 4; lastKnownFileType = sourcecode.c.objc; path = "UIImage+Resize.m"; sourceTree = "<group>"; };
		A3F0C4AB16634F5700CBFE54 /* UIImage+RoundedCorner.h */ = {isa = PBXFileReference; fileEncoding = 4; lastKnownFileType = sourcecode.c.h; path = "UIImage+RoundedCorner.h"; sourceTree = "<group>"; };
		A3F0C4AC16634F5700CBFE54 /* UIImage+RoundedCorner.m */ = {isa = PBXFileReference; fileEncoding = 4; lastKnownFileType = sourcecode.c.objc; path = "UIImage+RoundedCorner.m"; sourceTree = "<group>"; };
/* End PBXFileReference section */

/* Begin PBXFrameworksBuildPhase section */
		3CBCB1AB1653CBF00086E863 /* Frameworks */ = {
			isa = PBXFrameworksBuildPhase;
			buildActionMask = 2147483647;
			files = (
				A3E8653A1664B4DB007AD827 /* CoreLocation.framework in Frameworks */,
				3CBCB2D61653D6270086E863 /* MapKit.framework in Frameworks */,
				3CBCB2B61653CC6C0086E863 /* QuartzCore.framework in Frameworks */,
				3CBCB2B41653CC670086E863 /* libz.dylib in Frameworks */,
				3CBCB2B21653CC5E0086E863 /* MobileCoreServices.framework in Frameworks */,
				3CBCB2B01653CC580086E863 /* SystemConfiguration.framework in Frameworks */,
				3CBCB2AE1653CC510086E863 /* CFNetwork.framework in Frameworks */,
				3CBCB1B31653CBF00086E863 /* UIKit.framework in Frameworks */,
				3CBCB1B51653CBF00086E863 /* Foundation.framework in Frameworks */,
				3CBCB1B71653CBF00086E863 /* CoreGraphics.framework in Frameworks */,
			);
			runOnlyForDeploymentPostprocessing = 0;
		};
/* End PBXFrameworksBuildPhase section */

/* Begin PBXGroup section */
		3CBCB1A31653CBF00086E863 = {
			isa = PBXGroup;
			children = (
				A3E865391664B4DB007AD827 /* CoreLocation.framework */,
				3CBCB2D51653D6270086E863 /* MapKit.framework */,
				3CBCB2B51653CC6C0086E863 /* QuartzCore.framework */,
				3CBCB2B31653CC670086E863 /* libz.dylib */,
				3CBCB2B11653CC5E0086E863 /* MobileCoreServices.framework */,
				3CBCB2AF1653CC580086E863 /* SystemConfiguration.framework */,
				3CBCB2AD1653CC510086E863 /* CFNetwork.framework */,
				3CBCB1B81653CBF00086E863 /* MomoHelper */,
				3CBCB1B11653CBF00086E863 /* Frameworks */,
				3CBCB1AF1653CBF00086E863 /* Products */,
			);
			sourceTree = "<group>";
		};
		3CBCB1AF1653CBF00086E863 /* Products */ = {
			isa = PBXGroup;
			children = (
				3CBCB1AE1653CBF00086E863 /* MomoHelper.app */,
			);
			name = Products;
			sourceTree = "<group>";
		};
		3CBCB1B11653CBF00086E863 /* Frameworks */ = {
			isa = PBXGroup;
			children = (
				3CBCB1B21653CBF00086E863 /* UIKit.framework */,
				3CBCB1B41653CBF00086E863 /* Foundation.framework */,
				3CBCB1B61653CBF00086E863 /* CoreGraphics.framework */,
			);
			name = Frameworks;
			sourceTree = "<group>";
		};
		3CBCB1B81653CBF00086E863 /* MomoHelper */ = {
			isa = PBXGroup;
			children = (
				A3F0C3EE16634F5700CBFE54 /* NEXTKING */,
				3CBCB1C11653CBF00086E863 /* MMAppDelegate.h */,
				3CBCB1C21653CBF00086E863 /* MMAppDelegate.m */,
				3CBCB2C81653D2CA0086E863 /* UI */,
				3CBCB1B91653CBF00086E863 /* Supporting Files */,
			);
			path = MomoHelper;
			sourceTree = "<group>";
		};
		3CBCB1B91653CBF00086E863 /* Supporting Files */ = {
			isa = PBXGroup;
			children = (
				3CBCB2BF1653CF890086E863 /* Images */,
				3CBCB1BA1653CBF00086E863 /* MomoHelper-Info.plist */,
				3CBCB1BB1653CBF00086E863 /* InfoPlist.strings */,
				3CBCB1BE1653CBF00086E863 /* main.m */,
				3CBCB1C01653CBF00086E863 /* MomoHelper-Prefix.pch */,
				3CBCB1C41653CBF00086E863 /* Default.png */,
				3CBCB1C61653CBF00086E863 /* Default@2x.png */,
				3CBCB1C81653CBF00086E863 /* Default-568h@2x.png */,
			);
			name = "Supporting Files";
			sourceTree = "<group>";
		};
		3CBCB2BF1653CF890086E863 /* Images */ = {
			isa = PBXGroup;
			children = (
				3CBCB2E71653E5FE0086E863 /* tab_find_c@2x.png */,
				3CBCB2E81653E5FE0086E863 /* tab_find_n@2x.png */,
				3CBCB2E91653E5FE0086E863 /* tab_wolf_c@2x.png */,
				3CBCB2EA1653E5FE0086E863 /* tab_wolf_n@2x.png */,
			);
			name = Images;
			sourceTree = "<group>";
		};
		3CBCB2C81653D2CA0086E863 /* UI */ = {
			isa = PBXGroup;
			children = (
				3CBCB2CF1653D53B0086E863 /* Wolf */,
				3CBCB2C91653D2D00086E863 /* Find */,
			);
			name = UI;
			sourceTree = "<group>";
		};
		3CBCB2C91653D2D00086E863 /* Find */ = {
			isa = PBXGroup;
			children = (
				A3E8652E1664B202007AD827 /* Region */,
				3CBCB2CA1653D4F50086E863 /* MMFindViewController.h */,
				3CBCB2CB1653D4F50086E863 /* MMFindViewController.m */,
				3CBCB2CC1653D4F50086E863 /* MMFindViewController.xib */,
			);
			name = Find;
			sourceTree = "<group>";
		};
		3CBCB2CF1653D53B0086E863 /* Wolf */ = {
			isa = PBXGroup;
			children = (
				3CBCB2D01653D5560086E863 /* MMWolfViewController.h */,
				3CBCB2D11653D5560086E863 /* MMWolfViewController.m */,
				3CBCB2D21653D5560086E863 /* MMWolfViewController.xib */,
			);
			name = Wolf;
			sourceTree = "<group>";
		};
		A3E8652E1664B202007AD827 /* Region */ = {
			isa = PBXGroup;
			children = (
				A3E8652F1664B216007AD827 /* RegionAnnotation.h */,
				A3E865301664B216007AD827 /* RegionAnnotation.m */,
				A3E865311664B216007AD827 /* RegionAnnotationView.h */,
				A3E865321664B216007AD827 /* RegionAnnotationView.m */,
				A3E865331664B216007AD827 /* RemoveRegion.png */,
				A3E865341664B216007AD827 /* RemoveRegion@2x.png */,
			);
			name = Region;
			sourceTree = "<group>";
		};
		A3F0C3EE16634F5700CBFE54 /* NEXTKING */ = {
			isa = PBXGroup;
			children = (
				A3F0C3EF16634F5700CBFE54 /* DataStore */,
				A3F0C3F416634F5700CBFE54 /* Model */,
				A3F0C40616634F5700CBFE54 /* NetWork */,
				A3F0C43116634F5700CBFE54 /* UI */,
			);
			name = NEXTKING;
			path = ../../../../nextking/NEXTKING/NEXTKING;
			sourceTree = "<group>";
		};
		A3F0C3EF16634F5700CBFE54 /* DataStore */ = {
			isa = PBXGroup;
			children = (
				A3F0C3F016634F5700CBFE54 /* NKAccountManager.h */,
				A3F0C3F116634F5700CBFE54 /* NKAccountManager.m */,
				A3F0C3F216634F5700CBFE54 /* NKDataStore.h */,
				A3F0C3F316634F5700CBFE54 /* NKDataStore.m */,
			);
			path = DataStore;
			sourceTree = "<group>";
		};
		A3F0C3F416634F5700CBFE54 /* Model */ = {
			isa = PBXGroup;
			children = (
				A3F0C3F516634F5700CBFE54 /* NKMAccount.h */,
				A3F0C3F616634F5700CBFE54 /* NKMAccount.m */,
				A3F0C3F716634F5700CBFE54 /* NKMActionResult.h */,
				A3F0C3F816634F5700CBFE54 /* NKMActionResult.m */,
				A3F0C3F916634F5700CBFE54 /* NKMAttachment.h */,
				A3F0C3FA16634F5700CBFE54 /* NKMAttachment.m */,
				A3F0C3FB16634F5700CBFE54 /* NKMFeed.h */,
				A3F0C3FC16634F5700CBFE54 /* NKMFeed.m */,
				A3F0C3FD16634F5700CBFE54 /* NKModel.h */,
				A3F0C3FE16634F5700CBFE54 /* NKModel.m */,
				A3F0C3FF16634F5700CBFE54 /* NKModelDefine.h */,
				A3F0C40016634F5700CBFE54 /* NKMRecord.h */,
				A3F0C40116634F5700CBFE54 /* NKMRecord.m */,
				A3F0C40216634F5700CBFE54 /* NKMUser.h */,
				A3F0C40316634F5700CBFE54 /* NKMUser.m */,
				A3F0C40416634F5700CBFE54 /* NSURL+StringURLEncode.h */,
				A3F0C40516634F5700CBFE54 /* NSURL+StringURLEncode.m */,
			);
			path = Model;
			sourceTree = "<group>";
		};
		A3F0C40616634F5700CBFE54 /* NetWork */ = {
			isa = PBXGroup;
			children = (
				A3F0C40716634F5700CBFE54 /* ASIHttpRequest */,
				A3F0C41F16634F5700CBFE54 /* JSONKit */,
				A3F0C42216634F5700CBFE54 /* NKRequest.h */,
				A3F0C42316634F5700CBFE54 /* NKRequest.m */,
				A3F0C42416634F5700CBFE54 /* NKRequestDelegate.h */,
				A3F0C42516634F5700CBFE54 /* NKRequestDelegate.m */,
				A3F0C42616634F5700CBFE54 /* NKSDK.h */,
				A3F0C42716634F5700CBFE54 /* NKSDK.m */,
				A3F0C42816634F5700CBFE54 /* Service */,
			);
			path = NetWork;
			sourceTree = "<group>";
		};
		A3F0C40716634F5700CBFE54 /* ASIHttpRequest */ = {
			isa = PBXGroup;
			children = (
				A3F0C40816634F5700CBFE54 /* ASIAuthenticationDialog.h */,
				A3F0C40916634F5700CBFE54 /* ASIAuthenticationDialog.m */,
				A3F0C40A16634F5700CBFE54 /* ASICacheDelegate.h */,
				A3F0C40B16634F5700CBFE54 /* ASIDataCompressor.h */,
				A3F0C40C16634F5700CBFE54 /* ASIDataCompressor.m */,
				A3F0C40D16634F5700CBFE54 /* ASIDataDecompressor.h */,
				A3F0C40E16634F5700CBFE54 /* ASIDataDecompressor.m */,
				A3F0C40F16634F5700CBFE54 /* ASIDownloadCache.h */,
				A3F0C41016634F5700CBFE54 /* ASIDownloadCache.m */,
				A3F0C41116634F5700CBFE54 /* ASIFormDataRequest.h */,
				A3F0C41216634F5700CBFE54 /* ASIFormDataRequest.m */,
				A3F0C41316634F5700CBFE54 /* ASIHTTPRequest.h */,
				A3F0C41416634F5700CBFE54 /* ASIHTTPRequest.m */,
				A3F0C41516634F5700CBFE54 /* ASIHTTPRequestConfig.h */,
				A3F0C41616634F5700CBFE54 /* ASIHTTPRequestDelegate.h */,
				A3F0C41716634F5700CBFE54 /* ASIInputStream.h */,
				A3F0C41816634F5700CBFE54 /* ASIInputStream.m */,
				A3F0C41916634F5700CBFE54 /* ASINetworkQueue.h */,
				A3F0C41A16634F5700CBFE54 /* ASINetworkQueue.m */,
				A3F0C41B16634F5700CBFE54 /* ASIProgressDelegate.h */,
				A3F0C41C16634F5700CBFE54 /* Reachability */,
			);
			path = ASIHttpRequest;
			sourceTree = "<group>";
		};
		A3F0C41C16634F5700CBFE54 /* Reachability */ = {
			isa = PBXGroup;
			children = (
				A3F0C41D16634F5700CBFE54 /* Reachability.h */,
				A3F0C41E16634F5700CBFE54 /* Reachability.m */,
			);
			path = Reachability;
			sourceTree = "<group>";
		};
		A3F0C41F16634F5700CBFE54 /* JSONKit */ = {
			isa = PBXGroup;
			children = (
				A3F0C42016634F5700CBFE54 /* JSONKit.h */,
				A3F0C42116634F5700CBFE54 /* JSONKit.m */,
			);
			path = JSONKit;
			sourceTree = "<group>";
		};
		A3F0C42816634F5700CBFE54 /* Service */ = {
			isa = PBXGroup;
			children = (
				A3F0C42916634F5700CBFE54 /* NKAccountService.h */,
				A3F0C42A16634F5700CBFE54 /* NKAccountService.m */,
				A3F0C42B16634F5700CBFE54 /* NKRecordService.h */,
				A3F0C42C16634F5700CBFE54 /* NKRecordService.m */,
				A3F0C42D16634F5700CBFE54 /* NKServiceBase.h */,
				A3F0C42E16634F5700CBFE54 /* NKServiceBase.m */,
				A3F0C42F16634F5700CBFE54 /* NKUserService.h */,
				A3F0C43016634F5700CBFE54 /* NKUserService.m */,
			);
			path = Service;
			sourceTree = "<group>";
		};
		A3F0C43116634F5700CBFE54 /* UI */ = {
			isa = PBXGroup;
			children = (
				A3F0C43216634F5700CBFE54 /* NKConfig.h */,
				A3F0C43316634F5700CBFE54 /* NKConfig.m */,
				A3F0C43416634F5700CBFE54 /* NKNavigator.h */,
				A3F0C43516634F5700CBFE54 /* NKNavigator.m */,
				A3F0C43616634F5700CBFE54 /* NKTableViewController.h */,
				A3F0C43716634F5700CBFE54 /* NKTableViewController.m */,
				A3F0C43816634F5700CBFE54 /* NKUI.h */,
				A3F0C43916634F5700CBFE54 /* NKUI.m */,
				A3F0C43A16634F5700CBFE54 /* NKViewController.h */,
				A3F0C43B16634F5700CBFE54 /* NKViewController.m */,
				A3F0C43C16634F5700CBFE54 /* UIUtility */,
			);
			path = UI;
			sourceTree = "<group>";
		};
		A3F0C43C16634F5700CBFE54 /* UIUtility */ = {
			isa = PBXGroup;
			children = (
				A3F0C43D16634F5700CBFE54 /* EGO */,
				A3F0C44016634F5700CBFE54 /* HPGrowingTextView */,
				A3F0C44516634F5700CBFE54 /* NKKit */,
				A3F0C4A416634F5700CBFE54 /* UIColor+HexString.h */,
				A3F0C4A516634F5700CBFE54 /* UIColor+HexString.m */,
				A3F0C4A616634F5700CBFE54 /* UIImage */,
			);
			path = UIUtility;
			sourceTree = "<group>";
		};
		A3F0C43D16634F5700CBFE54 /* EGO */ = {
			isa = PBXGroup;
			children = (
				A3F0C43E16634F5700CBFE54 /* EGORefreshTableHeaderView.h */,
				A3F0C43F16634F5700CBFE54 /* EGORefreshTableHeaderView.m */,
			);
			path = EGO;
			sourceTree = "<group>";
		};
		A3F0C44016634F5700CBFE54 /* HPGrowingTextView */ = {
			isa = PBXGroup;
			children = (
				A3F0C44116634F5700CBFE54 /* HPGrowingTextView.h */,
				A3F0C44216634F5700CBFE54 /* HPGrowingTextView.m */,
				A3F0C44316634F5700CBFE54 /* HPTextViewInternal.h */,
				A3F0C44416634F5700CBFE54 /* HPTextViewInternal.m */,
			);
			path = HPGrowingTextView;
			sourceTree = "<group>";
		};
		A3F0C44516634F5700CBFE54 /* NKKit */ = {
			isa = PBXGroup;
			children = (
				A3F0C44616634F5700CBFE54 /* NKCellDataOBJ.h */,
				A3F0C44716634F5700CBFE54 /* NKCellDataOBJ.m */,
				A3F0C44816634F5700CBFE54 /* NKDateUtil.h */,
				A3F0C44916634F5700CBFE54 /* NKDateUtil.m */,
				A3F0C44A16634F5700CBFE54 /* NKInputView */,
				A3F0C46F16634F5700CBFE54 /* NKKit.h */,
				A3F0C47016634F5700CBFE54 /* NKKVOImageView.h */,
				A3F0C47116634F5700CBFE54 /* NKKVOImageView.m */,
				A3F0C47216634F5700CBFE54 /* NKKVOLabel.h */,
				A3F0C47316634F5700CBFE54 /* NKKVOLabel.m */,
				A3F0C47416634F5700CBFE54 /* NKLoadingMoreView.h */,
				A3F0C47516634F5700CBFE54 /* NKLoadingMoreView.m */,
				A3F0C47616634F5700CBFE54 /* NKPictureViewer.h */,
				A3F0C47716634F5700CBFE54 /* NKPictureViewer.m */,
				A3F0C47816634F5700CBFE54 /* NKPopupView */,
				A3F0C49A16634F5700CBFE54 /* NKSegmentControl.h */,
				A3F0C49B16634F5700CBFE54 /* NKSegmentControl.m */,
				A3F0C49C16634F5700CBFE54 /* NKSwitch.h */,
				A3F0C49D16634F5700CBFE54 /* NKSwitch.m */,
				A3F0C49E16634F5700CBFE54 /* NKTableViewCell.h */,
				A3F0C49F16634F5700CBFE54 /* NKTableViewCell.m */,
				A3F0C4A016634F5700CBFE54 /* NKTextField.h */,
				A3F0C4A116634F5700CBFE54 /* NKTextField.m */,
				A3F0C4A216634F5700CBFE54 /* NKTextViewWithPlaceholder.h */,
				A3F0C4A316634F5700CBFE54 /* NKTextViewWithPlaceholder.m */,
				A3E86523166467BE007AD827 /* NKNumberPad.h */,
				A3E86524166467BE007AD827 /* NKNumberPad.m */,
			);
			path = NKKit;
			sourceTree = "<group>";
		};
		A3F0C44A16634F5700CBFE54 /* NKInputView */ = {
			isa = PBXGroup;
			children = (
				A3F0C44B16634F5700CBFE54 /* emojo.plist */,
				A3F0C44C16634F5700CBFE54 /* Images */,
				A3F0C46B16634F5700CBFE54 /* NKEmojoView.h */,
				A3F0C46C16634F5700CBFE54 /* NKEmojoView.m */,
				A3F0C46D16634F5700CBFE54 /* NKInputView.h */,
				A3F0C46E16634F5700CBFE54 /* NKInputView.m */,
			);
			path = NKInputView;
			sourceTree = "<group>";
		};
		A3F0C44C16634F5700CBFE54 /* Images */ = {
			isa = PBXGroup;
			children = (
				A3F0C44D16634F5700CBFE54 /* Emojo */,
				A3F0C46416634F5700CBFE54 /* emojo_normal@2x.png */,
				A3F0C46516634F5700CBFE54 /* replyhide@2x.png */,
				A3F0C46616634F5700CBFE54 /* replyinputbg@2x.png */,
				A3F0C46716634F5700CBFE54 /* replykeyboard@2x.png */,
				A3F0C46816634F5700CBFE54 /* replysend_click@2x.png */,
				A3F0C46916634F5700CBFE54 /* replysend_disable@2x.png */,
				A3F0C46A16634F5700CBFE54 /* replysend_normal@2x.png */,
			);
			path = Images;
			sourceTree = "<group>";
		};
		A3F0C44D16634F5700CBFE54 /* Emojo */ = {
			isa = PBXGroup;
			children = (
				A3F0C44E16634F5700CBFE54 /* emojo_bizui@2x.png */,
				A3F0C44F16634F5700CBFE54 /* emojo_chi@2x.png */,
				A3F0C45016634F5700CBFE54 /* emojo_chiya@2x.png */,
				A3F0C45116634F5700CBFE54 /* emojo_dai@2x.png */,
				A3F0C45216634F5700CBFE54 /* emojo_daxiao@2x.png */,
				A3F0C45316634F5700CBFE54 /* emojo_e@2x.png */,
				A3F0C45416634F5700CBFE54 /* emojo_guilian@2x.png */,
				A3F0C45516634F5700CBFE54 /* emojo_haidao@2x.png */,
				A3F0C45616634F5700CBFE54 /* emojo_han@2x.png */,
				A3F0C45716634F5700CBFE54 /* emojo_hen@2x.png */,
				A3F0C45816634F5700CBFE54 /* emojo_jiong@2x.png */,
				A3F0C45916634F5700CBFE54 /* emojo_ku@2x.png */,
				A3F0C45A16634F5700CBFE54 /* emojo_kulou@2x.png */,
				A3F0C45B16634F5700CBFE54 /* emojo_meng@2x.png */,
				A3F0C45C16634F5700CBFE54 /* emojo_miao@2x.png */,
				A3F0C45D16634F5700CBFE54 /* emojo_nu@2x.png */,
				A3F0C45E16634F5700CBFE54 /* emojo_pidan@2x.png */,
				A3F0C45F16634F5700CBFE54 /* emojo_shuai@2x.png */,
				A3F0C46016634F5700CBFE54 /* emojo_tu@2x.png */,
				A3F0C46116634F5700CBFE54 /* emojo_weixiao@2x.png */,
				A3F0C46216634F5700CBFE54 /* emojo_xihuan@2x.png */,
				A3F0C46316634F5700CBFE54 /* emojoback@2x.png */,
			);
			path = Emojo;
			sourceTree = "<group>";
		};
		A3F0C47816634F5700CBFE54 /* NKPopupView */ = {
			isa = PBXGroup;
			children = (
				A3F0C47916634F5700CBFE54 /* Images */,
				A3F0C49816634F5700CBFE54 /* NKPopupView.h */,
				A3F0C49916634F5700CBFE54 /* NKPopupView.m */,
			);
			path = NKPopupView;
			sourceTree = "<group>";
		};
		A3F0C47916634F5700CBFE54 /* Images */ = {
			isa = PBXGroup;
			children = (
				A3F0C47A16634F5700CBFE54 /* puarrow@2x.png */,
				A3F0C47B16634F5700CBFE54 /* puarrow_click@2x.png */,
				A3F0C47C16634F5700CBFE54 /* pubackarrow_click@2x.png */,
				A3F0C47D16634F5700CBFE54 /* pubackarrow_normal@2x.png */,
				A3F0C47E16634F5700CBFE54 /* publackbutton_click@2x.png */,
				A3F0C47F16634F5700CBFE54 /* publackbutton_normal@2x.png */,
				A3F0C48016634F5700CBFE54 /* pucellback_ highlight@2x.png */,
				A3F0C48116634F5700CBFE54 /* pucellback_normal@2x.png */,
				A3F0C48216634F5700CBFE54 /* pucurrentlocation@2x.png */,
				A3F0C48316634F5700CBFE54 /* pucurrentlocation_click@2x.png */,
				A3F0C48416634F5700CBFE54 /* pucurrentpick@2x.png */,
				A3F0C48516634F5700CBFE54 /* pucurrentpick_click@2x.png */,
				A3F0C48616634F5700CBFE54 /* pudonebutton_click@2x.png */,
				A3F0C48716634F5700CBFE54 /* pudonebutton_normal@2x.png */,
				A3F0C48816634F5700CBFE54 /* pugreenbutton_click@2x.png */,
				A3F0C48916634F5700CBFE54 /* pugreenbutton_normal@2x.png */,
				A3F0C48A16634F5700CBFE54 /* puinputback@2x.png */,
				A3F0C48B16634F5700CBFE54 /* puinputbutton_click@2x.png */,
				A3F0C48C16634F5700CBFE54 /* puinputbutton_normal@2x.png */,
				A3F0C48D16634F5700CBFE54 /* pumaskfatboth@2x.png */,
				A3F0C48E16634F5700CBFE54 /* pumaskfatheader@2x.png */,
				A3F0C48F16634F5700CBFE54 /* pumasknavigate@2x.png */,
				A3F0C49016634F5700CBFE54 /* pumasksmall@2x.png */,
				A3F0C49116634F5700CBFE54 /* pumaskthin@2x.png */,
				A3F0C49216634F5700CBFE54 /* pumultiselect_se@2x.png */,
				A3F0C49316634F5700CBFE54 /* pumultiselect_se_click@2x.png */,
				A3F0C49416634F5700CBFE54 /* pumultiselect_un@2x.png */,
				A3F0C49516634F5700CBFE54 /* pumultiselect_un_click@2x.png */,
				A3F0C49616634F5700CBFE54 /* puright_click@2x.png */,
				A3F0C49716634F5700CBFE54 /* puright_normal@2x.png */,
			);
			path = Images;
			sourceTree = "<group>";
		};
		A3F0C4A616634F5700CBFE54 /* UIImage */ = {
			isa = PBXGroup;
			children = (
				A3F0C4A716634F5700CBFE54 /* UIImage+Alpha.h */,
				A3F0C4A816634F5700CBFE54 /* UIImage+Alpha.m */,
				A3F0C4A916634F5700CBFE54 /* UIImage+Resize.h */,
				A3F0C4AA16634F5700CBFE54 /* UIImage+Resize.m */,
				A3F0C4AB16634F5700CBFE54 /* UIImage+RoundedCorner.h */,
				A3F0C4AC16634F5700CBFE54 /* UIImage+RoundedCorner.m */,
			);
			path = UIImage;
			sourceTree = "<group>";
		};
/* End PBXGroup section */

/* Begin PBXNativeTarget section */
		3CBCB1AD1653CBF00086E863 /* MomoHelper */ = {
			isa = PBXNativeTarget;
			buildConfigurationList = 3CBCB1CC1653CBF00086E863 /* Build configuration list for PBXNativeTarget "MomoHelper" */;
			buildPhases = (
				3CBCB1AA1653CBF00086E863 /* Sources */,
				3CBCB1AB1653CBF00086E863 /* Frameworks */,
				3CBCB1AC1653CBF00086E863 /* Resources */,
			);
			buildRules = (
			);
			dependencies = (
			);
			name = MomoHelper;
			productName = MomoHelper;
			productReference = 3CBCB1AE1653CBF00086E863 /* MomoHelper.app */;
			productType = "com.apple.product-type.application";
		};
/* End PBXNativeTarget section */

/* Begin PBXProject section */
		3CBCB1A51653CBF00086E863 /* Project object */ = {
			isa = PBXProject;
			attributes = {
				CLASSPREFIX = MM;
				LastUpgradeCheck = 0450;
				ORGANIZATIONNAME = King;
			};
			buildConfigurationList = 3CBCB1A81653CBF00086E863 /* Build configuration list for PBXProject "MomoHelper" */;
			compatibilityVersion = "Xcode 3.2";
			developmentRegion = English;
			hasScannedForEncodings = 0;
			knownRegions = (
				en,
			);
			mainGroup = 3CBCB1A31653CBF00086E863;
			productRefGroup = 3CBCB1AF1653CBF00086E863 /* Products */;
			projectDirPath = "";
			projectRoot = "";
			targets = (
				3CBCB1AD1653CBF00086E863 /* MomoHelper */,
			);
		};
/* End PBXProject section */

/* Begin PBXResourcesBuildPhase section */
		3CBCB1AC1653CBF00086E863 /* Resources */ = {
			isa = PBXResourcesBuildPhase;
			buildActionMask = 2147483647;
			files = (
				3CBCB1BD1653CBF00086E863 /* InfoPlist.strings in Resources */,
				3CBCB1C51653CBF00086E863 /* Default.png in Resources */,
				3CBCB1C71653CBF00086E863 /* Default@2x.png in Resources */,
				3CBCB1C91653CBF00086E863 /* Default-568h@2x.png in Resources */,
				3CBCB2CE1653D4F50086E863 /* MMFindViewController.xib in Resources */,
				3CBCB2D41653D5560086E863 /* MMWolfViewController.xib in Resources */,
				3CBCB2EB1653E5FE0086E863 /* tab_find_c@2x.png in Resources */,
				3CBCB2EC1653E5FE0086E863 /* tab_find_n@2x.png in Resources */,
				3CBCB2ED1653E5FE0086E863 /* tab_wolf_c@2x.png in Resources */,
				3CBCB2EE1653E5FE0086E863 /* tab_wolf_n@2x.png in Resources */,
				A3F0C4D216634F5700CBFE54 /* emojo.plist in Resources */,
				A3F0C4D316634F5700CBFE54 /* emojo_bizui@2x.png in Resources */,
				A3F0C4D416634F5700CBFE54 /* emojo_chi@2x.png in Resources */,
				A3F0C4D516634F5700CBFE54 /* emojo_chiya@2x.png in Resources */,
				A3F0C4D616634F5700CBFE54 /* emojo_dai@2x.png in Resources */,
				A3F0C4D716634F5700CBFE54 /* emojo_daxiao@2x.png in Resources */,
				A3F0C4D816634F5700CBFE54 /* emojo_e@2x.png in Resources */,
				A3F0C4D916634F5700CBFE54 /* emojo_guilian@2x.png in Resources */,
				A3F0C4DA16634F5700CBFE54 /* emojo_haidao@2x.png in Resources */,
				A3F0C4DB16634F5700CBFE54 /* emojo_han@2x.png in Resources */,
				A3F0C4DC16634F5700CBFE54 /* emojo_hen@2x.png in Resources */,
				A3F0C4DD16634F5700CBFE54 /* emojo_jiong@2x.png in Resources */,
				A3F0C4DE16634F5700CBFE54 /* emojo_ku@2x.png in Resources */,
				A3F0C4DF16634F5700CBFE54 /* emojo_kulou@2x.png in Resources */,
				A3F0C4E016634F5700CBFE54 /* emojo_meng@2x.png in Resources */,
				A3F0C4E116634F5700CBFE54 /* emojo_miao@2x.png in Resources */,
				A3F0C4E216634F5700CBFE54 /* emojo_nu@2x.png in Resources */,
				A3F0C4E316634F5700CBFE54 /* emojo_pidan@2x.png in Resources */,
				A3F0C4E416634F5700CBFE54 /* emojo_shuai@2x.png in Resources */,
				A3F0C4E516634F5700CBFE54 /* emojo_tu@2x.png in Resources */,
				A3F0C4E616634F5700CBFE54 /* emojo_weixiao@2x.png in Resources */,
				A3F0C4E716634F5700CBFE54 /* emojo_xihuan@2x.png in Resources */,
				A3F0C4E816634F5700CBFE54 /* emojoback@2x.png in Resources */,
				A3F0C4E916634F5700CBFE54 /* emojo_normal@2x.png in Resources */,
				A3F0C4EA16634F5700CBFE54 /* replyhide@2x.png in Resources */,
				A3F0C4EB16634F5700CBFE54 /* replyinputbg@2x.png in Resources */,
				A3F0C4EC16634F5700CBFE54 /* replykeyboard@2x.png in Resources */,
				A3F0C4ED16634F5700CBFE54 /* replysend_click@2x.png in Resources */,
				A3F0C4EE16634F5700CBFE54 /* replysend_disable@2x.png in Resources */,
				A3F0C4EF16634F5700CBFE54 /* replysend_normal@2x.png in Resources */,
				A3F0C4F616634F5700CBFE54 /* puarrow@2x.png in Resources */,
				A3F0C4F716634F5700CBFE54 /* puarrow_click@2x.png in Resources */,
				A3F0C4F816634F5700CBFE54 /* pubackarrow_click@2x.png in Resources */,
				A3F0C4F916634F5700CBFE54 /* pubackarrow_normal@2x.png in Resources */,
				A3F0C4FA16634F5700CBFE54 /* publackbutton_click@2x.png in Resources */,
				A3F0C4FB16634F5700CBFE54 /* publackbutton_normal@2x.png in Resources */,
				A3F0C4FC16634F5700CBFE54 /* pucellback_ highlight@2x.png in Resources */,
				A3F0C4FD16634F5700CBFE54 /* pucellback_normal@2x.png in Resources */,
				A3F0C4FE16634F5700CBFE54 /* pucurrentlocation@2x.png in Resources */,
				A3F0C4FF16634F5700CBFE54 /* pucurrentlocation_click@2x.png in Resources */,
				A3F0C50016634F5700CBFE54 /* pucurrentpick@2x.png in Resources */,
				A3F0C50116634F5700CBFE54 /* pucurrentpick_click@2x.png in Resources */,
				A3F0C50216634F5700CBFE54 /* pudonebutton_click@2x.png in Resources */,
				A3F0C50316634F5700CBFE54 /* pudonebutton_normal@2x.png in Resources */,
				A3F0C50416634F5700CBFE54 /* pugreenbutton_click@2x.png in Resources */,
				A3F0C50516634F5700CBFE54 /* pugreenbutton_normal@2x.png in Resources */,
				A3F0C50616634F5700CBFE54 /* puinputback@2x.png in Resources */,
				A3F0C50716634F5700CBFE54 /* puinputbutton_click@2x.png in Resources */,
				A3F0C50816634F5700CBFE54 /* puinputbutton_normal@2x.png in Resources */,
				A3F0C50916634F5700CBFE54 /* pumaskfatboth@2x.png in Resources */,
				A3F0C50A16634F5700CBFE54 /* pumaskfatheader@2x.png in Resources */,
				A3F0C50B16634F5700CBFE54 /* pumasknavigate@2x.png in Resources */,
				A3F0C50C16634F5700CBFE54 /* pumasksmall@2x.png in Resources */,
				A3F0C50D16634F5700CBFE54 /* pumaskthin@2x.png in Resources */,
				A3F0C50E16634F5700CBFE54 /* pumultiselect_se@2x.png in Resources */,
				A3F0C50F16634F5700CBFE54 /* pumultiselect_se_click@2x.png in Resources */,
				A3F0C51016634F5700CBFE54 /* pumultiselect_un@2x.png in Resources */,
				A3F0C51116634F5700CBFE54 /* pumultiselect_un_click@2x.png in Resources */,
				A3F0C51216634F5700CBFE54 /* puright_click@2x.png in Resources */,
				A3F0C51316634F5700CBFE54 /* puright_normal@2x.png in Resources */,
				A3E865371664B216007AD827 /* RemoveRegion.png in Resources */,
				A3E865381664B216007AD827 /* RemoveRegion@2x.png in Resources */,
			);
			runOnlyForDeploymentPostprocessing = 0;
		};
/* End PBXResourcesBuildPhase section */

/* Begin PBXSourcesBuildPhase section */
		3CBCB1AA1653CBF00086E863 /* Sources */ = {
			isa = PBXSourcesBuildPhase;
			buildActionMask = 2147483647;
			files = (
				3CBCB1BF1653CBF00086E863 /* main.m in Sources */,
				3CBCB1C31653CBF00086E863 /* MMAppDelegate.m in Sources */,
				3CBCB2CD1653D4F50086E863 /* MMFindViewController.m in Sources */,
				3CBCB2D31653D5560086E863 /* MMWolfViewController.m in Sources */,
				A3F0C4AD16634F5700CBFE54 /* NKAccountManager.m in Sources */,
				A3F0C4AE16634F5700CBFE54 /* NKDataStore.m in Sources */,
				A3F0C4AF16634F5700CBFE54 /* NKMAccount.m in Sources */,
				A3F0C4B016634F5700CBFE54 /* NKMActionResult.m in Sources */,
				A3F0C4B116634F5700CBFE54 /* NKMAttachment.m in Sources */,
				A3F0C4B216634F5700CBFE54 /* NKMFeed.m in Sources */,
				A3F0C4B316634F5700CBFE54 /* NKModel.m in Sources */,
				A3F0C4B416634F5700CBFE54 /* NKMRecord.m in Sources */,
				A3F0C4B516634F5700CBFE54 /* NKMUser.m in Sources */,
				A3F0C4B616634F5700CBFE54 /* NSURL+StringURLEncode.m in Sources */,
				A3F0C4B716634F5700CBFE54 /* ASIAuthenticationDialog.m in Sources */,
				A3F0C4B816634F5700CBFE54 /* ASIDataCompressor.m in Sources */,
				A3F0C4B916634F5700CBFE54 /* ASIDataDecompressor.m in Sources */,
				A3F0C4BA16634F5700CBFE54 /* ASIDownloadCache.m in Sources */,
				A3F0C4BB16634F5700CBFE54 /* ASIFormDataRequest.m in Sources */,
				A3F0C4BC16634F5700CBFE54 /* ASIHTTPRequest.m in Sources */,
				A3F0C4BD16634F5700CBFE54 /* ASIInputStream.m in Sources */,
				A3F0C4BE16634F5700CBFE54 /* ASINetworkQueue.m in Sources */,
				A3F0C4BF16634F5700CBFE54 /* Reachability.m in Sources */,
				A3F0C4C016634F5700CBFE54 /* JSONKit.m in Sources */,
				A3F0C4C116634F5700CBFE54 /* NKRequest.m in Sources */,
				A3F0C4C216634F5700CBFE54 /* NKRequestDelegate.m in Sources */,
				A3F0C4C316634F5700CBFE54 /* NKSDK.m in Sources */,
				A3F0C4C416634F5700CBFE54 /* NKAccountService.m in Sources */,
				A3F0C4C516634F5700CBFE54 /* NKRecordService.m in Sources */,
				A3F0C4C616634F5700CBFE54 /* NKServiceBase.m in Sources */,
				A3F0C4C716634F5700CBFE54 /* NKUserService.m in Sources */,
				A3F0C4C816634F5700CBFE54 /* NKConfig.m in Sources */,
				A3F0C4C916634F5700CBFE54 /* NKNavigator.m in Sources */,
				A3F0C4CA16634F5700CBFE54 /* NKTableViewController.m in Sources */,
				A3F0C4CB16634F5700CBFE54 /* NKUI.m in Sources */,
				A3F0C4CC16634F5700CBFE54 /* NKViewController.m in Sources */,
				A3F0C4CD16634F5700CBFE54 /* EGORefreshTableHeaderView.m in Sources */,
				A3F0C4CE16634F5700CBFE54 /* HPGrowingTextView.m in Sources */,
				A3F0C4CF16634F5700CBFE54 /* HPTextViewInternal.m in Sources */,
				A3F0C4D016634F5700CBFE54 /* NKCellDataOBJ.m in Sources */,
				A3F0C4D116634F5700CBFE54 /* NKDateUtil.m in Sources */,
				A3F0C4F016634F5700CBFE54 /* NKEmojoView.m in Sources */,
				A3F0C4F116634F5700CBFE54 /* NKInputView.m in Sources */,
				A3F0C4F216634F5700CBFE54 /* NKKVOImageView.m in Sources */,
				A3F0C4F316634F5700CBFE54 /* NKKVOLabel.m in Sources */,
				A3F0C4F416634F5700CBFE54 /* NKLoadingMoreView.m in Sources */,
				A3F0C4F516634F5700CBFE54 /* NKPictureViewer.m in Sources */,
				A3F0C51416634F5700CBFE54 /* NKPopupView.m in Sources */,
				A3F0C51516634F5700CBFE54 /* NKSegmentControl.m in Sources */,
				A3F0C51616634F5700CBFE54 /* NKSwitch.m in Sources */,
				A3F0C51716634F5700CBFE54 /* NKTableViewCell.m in Sources */,
				A3F0C51816634F5700CBFE54 /* NKTextField.m in Sources */,
				A3F0C51916634F5700CBFE54 /* NKTextViewWithPlaceholder.m in Sources */,
				A3F0C51A16634F5700CBFE54 /* UIColor+HexString.m in Sources */,
				A3F0C51B16634F5700CBFE54 /* UIImage+Alpha.m in Sources */,
				A3F0C51C16634F5700CBFE54 /* UIImage+Resize.m in Sources */,
				A3F0C51D16634F5700CBFE54 /* UIImage+RoundedCorner.m in Sources */,
				A3E86525166467BE007AD827 /* NKNumberPad.m in Sources */,
				A3E865351664B216007AD827 /* RegionAnnotation.m in Sources */,
				A3E865361664B216007AD827 /* RegionAnnotationView.m in Sources */,
			);
			runOnlyForDeploymentPostprocessing = 0;
		};
/* End PBXSourcesBuildPhase section */

/* Begin PBXVariantGroup section */
		3CBCB1BB1653CBF00086E863 /* InfoPlist.strings */ = {
			isa = PBXVariantGroup;
			children = (
				3CBCB1BC1653CBF00086E863 /* en */,
			);
			name = InfoPlist.strings;
			sourceTree = "<group>";
		};
/* End PBXVariantGroup section */

/* Begin XCBuildConfiguration section */
		3CBCB1CA1653CBF00086E863 /* Debug */ = {
			isa = XCBuildConfiguration;
			buildSettings = {
				ALWAYS_SEARCH_USER_PATHS = NO;
				CLANG_CXX_LANGUAGE_STANDARD = "gnu++0x";
				CLANG_CXX_LIBRARY = "libc++";
				CLANG_WARN_EMPTY_BODY = YES;
				CLANG_WARN__DUPLICATE_METHOD_MATCH = YES;
				"CODE_SIGN_IDENTITY[sdk=iphoneos*]" = "iPhone Developer";
				COPY_PHASE_STRIP = NO;
				GCC_C_LANGUAGE_STANDARD = gnu99;
				GCC_DYNAMIC_NO_PIC = NO;
				GCC_OPTIMIZATION_LEVEL = 0;
				GCC_PREPROCESSOR_DEFINITIONS = (
					"DEBUG=1",
					"$(inherited)",
				);
				GCC_SYMBOLS_PRIVATE_EXTERN = NO;
				GCC_WARN_ABOUT_RETURN_TYPE = YES;
				GCC_WARN_UNINITIALIZED_AUTOS = YES;
				GCC_WARN_UNUSED_VARIABLE = YES;
				IPHONEOS_DEPLOYMENT_TARGET = 4.3;
				ONLY_ACTIVE_ARCH = YES;
				SDKROOT = iphoneos;
			};
			name = Debug;
		};
		3CBCB1CB1653CBF00086E863 /* Release */ = {
			isa = XCBuildConfiguration;
			buildSettings = {
				ALWAYS_SEARCH_USER_PATHS = NO;
				CLANG_CXX_LANGUAGE_STANDARD = "gnu++0x";
				CLANG_CXX_LIBRARY = "libc++";
				CLANG_WARN_EMPTY_BODY = YES;
				CLANG_WARN__DUPLICATE_METHOD_MATCH = YES;
				"CODE_SIGN_IDENTITY[sdk=iphoneos*]" = "iPhone Developer";
				COPY_PHASE_STRIP = YES;
				GCC_C_LANGUAGE_STANDARD = gnu99;
				GCC_WARN_ABOUT_RETURN_TYPE = YES;
				GCC_WARN_UNINITIALIZED_AUTOS = YES;
				GCC_WARN_UNUSED_VARIABLE = YES;
				IPHONEOS_DEPLOYMENT_TARGET = 4.3;
				OTHER_CFLAGS = "-DNS_BLOCK_ASSERTIONS=1";
				SDKROOT = iphoneos;
				VALIDATE_PRODUCT = YES;
			};
			name = Release;
		};
		3CBCB1CD1653CBF00086E863 /* Debug */ = {
			isa = XCBuildConfiguration;
			buildSettings = {
				GCC_PRECOMPILE_PREFIX_HEADER = YES;
				GCC_PREFIX_HEADER = "MomoHelper/MomoHelper-Prefix.pch";
				INFOPLIST_FILE = "MomoHelper/MomoHelper-Info.plist";
				IPHONEOS_DEPLOYMENT_TARGET = 4.3;
				PRODUCT_NAME = "$(TARGET_NAME)";
				WRAPPER_EXTENSION = app;
			};
			name = Debug;
		};
		3CBCB1CE1653CBF00086E863 /* Release */ = {
			isa = XCBuildConfiguration;
			buildSettings = {
				GCC_PRECOMPILE_PREFIX_HEADER = YES;
				GCC_PREFIX_HEADER = "MomoHelper/MomoHelper-Prefix.pch";
				INFOPLIST_FILE = "MomoHelper/MomoHelper-Info.plist";
				IPHONEOS_DEPLOYMENT_TARGET = 4.3;
				PRODUCT_NAME = "$(TARGET_NAME)";
				WRAPPER_EXTENSION = app;
			};
			name = Release;
		};
/* End XCBuildConfiguration section */

/* Begin XCConfigurationList section */
		3CBCB1A81653CBF00086E863 /* Build configuration list for PBXProject "MomoHelper" */ = {
			isa = XCConfigurationList;
			buildConfigurations = (
				3CBCB1CA1653CBF00086E863 /* Debug */,
				3CBCB1CB1653CBF00086E863 /* Release */,
			);
			defaultConfigurationIsVisible = 0;
			defaultConfigurationName = Release;
		};
		3CBCB1CC1653CBF00086E863 /* Build configuration list for PBXNativeTarget "MomoHelper" */ = {
			isa = XCConfigurationList;
			buildConfigurations = (
				3CBCB1CD1653CBF00086E863 /* Debug */,
				3CBCB1CE1653CBF00086E863 /* Release */,
			);
			defaultConfigurationIsVisible = 0;
			defaultConfigurationName = Release;
		};
/* End XCConfigurationList section */
	};
	rootObject = 3CBCB1A51653CBF00086E863 /* Project object */;
}
